// !$*UTF8*$!
{
	archiveVersion = 1;
	classes = {
	};
	objectVersion = 46;
	objects = {

/* Begin PBXBuildFile section */
		E2069C0E178571B300675485 /* CachedThumbnail.m in Sources */ = {isa = PBXBuildFile; fileRef = E2069C0D178571B300675485 /* CachedThumbnail.m */; };
		E2069C10178596B000675485 /* NewRelicAgent.framework in Frameworks */ = {isa = PBXBuildFile; fileRef = E2069C0F178596B000675485 /* NewRelicAgent.framework */; };
		E2069C12178596D800675485 /* CoreTelephony.framework in Frameworks */ = {isa = PBXBuildFile; fileRef = E2069C11178596D800675485 /* CoreTelephony.framework */; };
		E2069C14178596DE00675485 /* SystemConfiguration.framework in Frameworks */ = {isa = PBXBuildFile; fileRef = E2069C13178596DE00675485 /* SystemConfiguration.framework */; };
		E2069C16178596E400675485 /* libz.dylib in Frameworks */ = {isa = PBXBuildFile; fileRef = E2069C15178596E400675485 /* libz.dylib */; };
		E22A665917830644001224F7 /* MDAssetQueue.m in Sources */ = {isa = PBXBuildFile; fileRef = E22A665817830644001224F7 /* MDAssetQueue.m */; };
		E23B15F4178457B200888DEB /* ALAsset+MDAssetQueue.m in Sources */ = {isa = PBXBuildFile; fileRef = E23B15F3178457B200888DEB /* ALAsset+MDAssetQueue.m */; };
		E23B15F61784580900888DEB /* ALAssetCategoryMDAssetQueueTests.m in Sources */ = {isa = PBXBuildFile; fileRef = E23B15F51784580900888DEB /* ALAssetCategoryMDAssetQueueTests.m */; };
		E23B9C981767A9A10085E174 /* Foundation.framework in Frameworks */ = {isa = PBXBuildFile; fileRef = E23B9C971767A9A10085E174 /* Foundation.framework */; };
		E23B9C9A1767A9A10085E174 /* CoreGraphics.framework in Frameworks */ = {isa = PBXBuildFile; fileRef = E23B9C991767A9A10085E174 /* CoreGraphics.framework */; };
		E23B9C9C1767A9A10085E174 /* UIKit.framework in Frameworks */ = {isa = PBXBuildFile; fileRef = E23B9C9B1767A9A10085E174 /* UIKit.framework */; };
		E23B9CA21767A9A10085E174 /* InfoPlist.strings in Resources */ = {isa = PBXBuildFile; fileRef = E23B9CA01767A9A10085E174 /* InfoPlist.strings */; };
		E23B9CA41767A9A10085E174 /* main.m in Sources */ = {isa = PBXBuildFile; fileRef = E23B9CA31767A9A10085E174 /* main.m */; settings = {COMPILER_FLAGS = "-fno-objc-arc"; }; };
		E23B9CB01767A9A10085E174 /* Images.xcassets in Resources */ = {isa = PBXBuildFile; fileRef = E23B9CAF1767A9A10085E174 /* Images.xcassets */; };
		E23B9CB71767A9A10085E174 /* XCTest.framework in Frameworks */ = {isa = PBXBuildFile; fileRef = E23B9CB61767A9A10085E174 /* XCTest.framework */; };
		E23B9CB81767A9A10085E174 /* Foundation.framework in Frameworks */ = {isa = PBXBuildFile; fileRef = E23B9C971767A9A10085E174 /* Foundation.framework */; };
		E23B9CB91767A9A10085E174 /* UIKit.framework in Frameworks */ = {isa = PBXBuildFile; fileRef = E23B9C9B1767A9A10085E174 /* UIKit.framework */; };
		E23B9CC11767A9A10085E174 /* InfoPlist.strings in Resources */ = {isa = PBXBuildFile; fileRef = E23B9CBF1767A9A10085E174 /* InfoPlist.strings */; };
		E23B9CC31767A9A10085E174 /* Flickr_UploaderTests.m in Sources */ = {isa = PBXBuildFile; fileRef = E23B9CC21767A9A10085E174 /* Flickr_UploaderTests.m */; };
		E249E414177C0EC700F55D7C /* MDCurrentlyProcessingCell.m in Sources */ = {isa = PBXBuildFile; fileRef = E249E413177C0EC700F55D7C /* MDCurrentlyProcessingCell.m */; };
		E249E417177C13EE00F55D7C /* MDQueuedPictureCell4.m in Sources */ = {isa = PBXBuildFile; fileRef = E249E416177C13EE00F55D7C /* MDQueuedPictureCell4.m */; };
		E24D2B26177CC73A00E4D58E /* MDUploadQueueViewController.m in Sources */ = {isa = PBXBuildFile; fileRef = E24D2B25177CC73A00E4D58E /* MDUploadQueueViewController.m */; };
		E26A84EB17855A7D00B2A9AB /* OCMockRecorder+ExtraMethods.m in Sources */ = {isa = PBXBuildFile; fileRef = E26A84EA17855A7D00B2A9AB /* OCMockRecorder+ExtraMethods.m */; };
		E26C02BD17840AC500EB8300 /* MDAssetQueueTests.m in Sources */ = {isa = PBXBuildFile; fileRef = E26C02BC17840AC500EB8300 /* MDAssetQueueTests.m */; };
		E26C035017840C9700EB8300 /* MagicalImportFunctions.m in Sources */ = {isa = PBXBuildFile; fileRef = E26C031817840C9700EB8300 /* MagicalImportFunctions.m */; };
		E26C035217840C9700EB8300 /* NSAttributeDescription+MagicalDataImport.m in Sources */ = {isa = PBXBuildFile; fileRef = E26C031A17840C9700EB8300 /* NSAttributeDescription+MagicalDataImport.m */; };
		E26C035417840C9700EB8300 /* NSEntityDescription+MagicalDataImport.m in Sources */ = {isa = PBXBuildFile; fileRef = E26C031C17840C9700EB8300 /* NSEntityDescription+MagicalDataImport.m */; };
		E26C035617840C9700EB8300 /* NSNumber+MagicalDataImport.m in Sources */ = {isa = PBXBuildFile; fileRef = E26C031E17840C9700EB8300 /* NSNumber+MagicalDataImport.m */; };
		E26C035817840C9700EB8300 /* NSObject+MagicalDataImport.m in Sources */ = {isa = PBXBuildFile; fileRef = E26C032017840C9700EB8300 /* NSObject+MagicalDataImport.m */; };
		E26C035A17840C9700EB8300 /* NSRelationshipDescription+MagicalDataImport.m in Sources */ = {isa = PBXBuildFile; fileRef = E26C032217840C9700EB8300 /* NSRelationshipDescription+MagicalDataImport.m */; };
		E26C035C17840C9700EB8300 /* NSString+MagicalDataImport.m in Sources */ = {isa = PBXBuildFile; fileRef = E26C032417840C9700EB8300 /* NSString+MagicalDataImport.m */; };
		E26C035E17840C9700EB8300 /* NSManagedObject+MagicalAggregation.m in Sources */ = {isa = PBXBuildFile; fileRef = E26C032717840C9700EB8300 /* NSManagedObject+MagicalAggregation.m */; };
		E26C036017840C9700EB8300 /* NSManagedObject+MagicalDataImport.m in Sources */ = {isa = PBXBuildFile; fileRef = E26C032917840C9700EB8300 /* NSManagedObject+MagicalDataImport.m */; };
		E26C036217840C9700EB8300 /* NSManagedObject+MagicalFinders.m in Sources */ = {isa = PBXBuildFile; fileRef = E26C032B17840C9700EB8300 /* NSManagedObject+MagicalFinders.m */; };
		E26C036417840C9700EB8300 /* NSManagedObject+MagicalRecord.m in Sources */ = {isa = PBXBuildFile; fileRef = E26C032D17840C9700EB8300 /* NSManagedObject+MagicalRecord.m */; };
		E26C036617840C9700EB8300 /* NSManagedObject+MagicalRequests.m in Sources */ = {isa = PBXBuildFile; fileRef = E26C032F17840C9700EB8300 /* NSManagedObject+MagicalRequests.m */; };
		E26C036817840C9700EB8300 /* NSManagedObjectContext+MagicalObserving.m in Sources */ = {isa = PBXBuildFile; fileRef = E26C033217840C9700EB8300 /* NSManagedObjectContext+MagicalObserving.m */; };
		E26C036A17840C9700EB8300 /* NSManagedObjectContext+MagicalRecord.m in Sources */ = {isa = PBXBuildFile; fileRef = E26C033417840C9700EB8300 /* NSManagedObjectContext+MagicalRecord.m */; };
		E26C036C17840C9700EB8300 /* NSManagedObjectContext+MagicalSaves.m in Sources */ = {isa = PBXBuildFile; fileRef = E26C033617840C9700EB8300 /* NSManagedObjectContext+MagicalSaves.m */; };
		E26C036E17840C9700EB8300 /* NSManagedObjectContext+MagicalThreading.m in Sources */ = {isa = PBXBuildFile; fileRef = E26C033817840C9700EB8300 /* NSManagedObjectContext+MagicalThreading.m */; };
		E26C037017840C9700EB8300 /* NSManagedObjectModel+MagicalRecord.m in Sources */ = {isa = PBXBuildFile; fileRef = E26C033A17840C9700EB8300 /* NSManagedObjectModel+MagicalRecord.m */; };
		E26C037217840C9700EB8300 /* NSPersistentStore+MagicalRecord.m in Sources */ = {isa = PBXBuildFile; fileRef = E26C033C17840C9700EB8300 /* NSPersistentStore+MagicalRecord.m */; };
		E26C037417840C9700EB8300 /* NSPersistentStoreCoordinator+MagicalRecord.m in Sources */ = {isa = PBXBuildFile; fileRef = E26C033E17840C9700EB8300 /* NSPersistentStoreCoordinator+MagicalRecord.m */; };
		E26C037617840C9700EB8300 /* MagicalRecord+Actions.m in Sources */ = {isa = PBXBuildFile; fileRef = E26C034117840C9700EB8300 /* MagicalRecord+Actions.m */; };
		E26C037817840C9700EB8300 /* MagicalRecord+ErrorHandling.m in Sources */ = {isa = PBXBuildFile; fileRef = E26C034317840C9700EB8300 /* MagicalRecord+ErrorHandling.m */; };
		E26C037A17840C9700EB8300 /* MagicalRecord+iCloud.m in Sources */ = {isa = PBXBuildFile; fileRef = E26C034517840C9700EB8300 /* MagicalRecord+iCloud.m */; };
		E26C037C17840C9700EB8300 /* MagicalRecord+Options.m in Sources */ = {isa = PBXBuildFile; fileRef = E26C034717840C9700EB8300 /* MagicalRecord+Options.m */; };
		E26C037E17840C9700EB8300 /* MagicalRecord+Setup.m in Sources */ = {isa = PBXBuildFile; fileRef = E26C034917840C9700EB8300 /* MagicalRecord+Setup.m */; };
		E26C038017840C9700EB8300 /* MagicalRecord+ShorthandSupport.m in Sources */ = {isa = PBXBuildFile; fileRef = E26C034B17840C9700EB8300 /* MagicalRecord+ShorthandSupport.m */; };
		E26C038217840C9700EB8300 /* MagicalRecord.m in Sources */ = {isa = PBXBuildFile; fileRef = E26C034D17840C9700EB8300 /* MagicalRecord.m */; };
		E26C038517840F9800EB8300 /* CoreData.framework in Frameworks */ = {isa = PBXBuildFile; fileRef = E26C038417840F9800EB8300 /* CoreData.framework */; };
		E278217C177A25C80064278F /* UploadLog.m in Sources */ = {isa = PBXBuildFile; fileRef = E278217B177A25C80064278F /* UploadLog.m */; };
		E2782180177A267C0064278F /* Model.xcdatamodeld in Sources */ = {isa = PBXBuildFile; fileRef = E278217E177A267C0064278F /* Model.xcdatamodeld */; };
		E2782185177A2C190064278F /* MDUploadViewController.m in Sources */ = {isa = PBXBuildFile; fileRef = E2782184177A2C190064278F /* MDUploadViewController.m */; };
		E29EAE7F177DC3990090CAD6 /* LXReorderableCollectionViewFlowLayout.m in Sources */ = {isa = PBXBuildFile; fileRef = E29EAE7E177DC3990090CAD6 /* LXReorderableCollectionViewFlowLayout.m */; };
		E2DAFE05176DFBF500A5C316 /* NSString+MD5.m in Sources */ = {isa = PBXBuildFile; fileRef = E2DAFE04176DFBF500A5C316 /* NSString+MD5.m */; };
		E2DAFE1F176DFC0600A5C316 /* NSObject+SBJson.m in Sources */ = {isa = PBXBuildFile; fileRef = E2DAFE07176DFC0600A5C316 /* NSObject+SBJson.m */; };
		E2DAFE20176DFC0600A5C316 /* SBJsonParser.m in Sources */ = {isa = PBXBuildFile; fileRef = E2DAFE0A176DFC0600A5C316 /* SBJsonParser.m */; };
		E2DAFE21176DFC0600A5C316 /* SBJsonStreamParser.m in Sources */ = {isa = PBXBuildFile; fileRef = E2DAFE0C176DFC0600A5C316 /* SBJsonStreamParser.m */; };
		E2DAFE22176DFC0600A5C316 /* SBJsonStreamParserAccumulator.m in Sources */ = {isa = PBXBuildFile; fileRef = E2DAFE0E176DFC0600A5C316 /* SBJsonStreamParserAccumulator.m */; };
		E2DAFE23176DFC0600A5C316 /* SBJsonStreamParserAdapter.m in Sources */ = {isa = PBXBuildFile; fileRef = E2DAFE10176DFC0600A5C316 /* SBJsonStreamParserAdapter.m */; };
		E2DAFE24176DFC0600A5C316 /* SBJsonStreamParserState.m in Sources */ = {isa = PBXBuildFile; fileRef = E2DAFE12176DFC0600A5C316 /* SBJsonStreamParserState.m */; };
		E2DAFE25176DFC0600A5C316 /* SBJsonStreamWriter.m in Sources */ = {isa = PBXBuildFile; fileRef = E2DAFE14176DFC0600A5C316 /* SBJsonStreamWriter.m */; };
		E2DAFE26176DFC0600A5C316 /* SBJsonStreamWriterAccumulator.m in Sources */ = {isa = PBXBuildFile; fileRef = E2DAFE16176DFC0600A5C316 /* SBJsonStreamWriterAccumulator.m */; };
		E2DAFE27176DFC0600A5C316 /* SBJsonStreamWriterState.m in Sources */ = {isa = PBXBuildFile; fileRef = E2DAFE18176DFC0600A5C316 /* SBJsonStreamWriterState.m */; };
		E2DAFE28176DFC0600A5C316 /* SBJsonTokeniser.m in Sources */ = {isa = PBXBuildFile; fileRef = E2DAFE1A176DFC0600A5C316 /* SBJsonTokeniser.m */; };
		E2DAFE29176DFC0600A5C316 /* SBJsonUTF8Stream.m in Sources */ = {isa = PBXBuildFile; fileRef = E2DAFE1C176DFC0600A5C316 /* SBJsonUTF8Stream.m */; };
		E2DAFE2A176DFC0600A5C316 /* SBJsonWriter.m in Sources */ = {isa = PBXBuildFile; fileRef = E2DAFE1E176DFC0600A5C316 /* SBJsonWriter.m */; };
		E2DAFE33176DFC1700A5C316 /* NSData+Base64.m in Sources */ = {isa = PBXBuildFile; fileRef = E2DAFE2C176DFC1700A5C316 /* NSData+Base64.m */; };
		E2DAFE34176DFC1700A5C316 /* NSString+URLEncodeString.m in Sources */ = {isa = PBXBuildFile; fileRef = E2DAFE2E176DFC1700A5C316 /* NSString+URLEncodeString.m */; };
		E2DAFE35176DFC1700A5C316 /* RXFlickr.m in Sources */ = {isa = PBXBuildFile; fileRef = E2DAFE30176DFC1700A5C316 /* RXFlickr.m */; };
		E2DAFE36176DFC1700A5C316 /* RXFlickr+checkToken.m in Sources */ = {isa = PBXBuildFile; fileRef = E2DAFE32176DFC1700A5C316 /* RXFlickr+checkToken.m */; };
		E2DAFE3F176DFC4000A5C316 /* ARCKeychainGenericPasswordWrapper.m in Sources */ = {isa = PBXBuildFile; fileRef = E2DAFE38176DFC4000A5C316 /* ARCKeychainGenericPasswordWrapper.m */; };
		E2DAFE40176DFC4000A5C316 /* MDAppDelegate.m in Sources */ = {isa = PBXBuildFile; fileRef = E2DAFE3A176DFC4000A5C316 /* MDAppDelegate.m */; };
		E2DAFE41176DFC4000A5C316 /* MDFlickrAuthenticationViewController.m in Sources */ = {isa = PBXBuildFile; fileRef = E2DAFE3C176DFC4000A5C316 /* MDFlickrAuthenticationViewController.m */; };
		E2DAFE42176DFC4000A5C316 /* MDOAuthToken.m in Sources */ = {isa = PBXBuildFile; fileRef = E2DAFE3E176DFC4000A5C316 /* MDOAuthToken.m */; };
		E2DAFE47176DFE2700A5C316 /* iPhone.storyboard in Resources */ = {isa = PBXBuildFile; fileRef = E2DAFE46176DFE2700A5C316 /* iPhone.storyboard */; };
		E2E9BBBA1784B6BB00C9797B /* MDAssetImageCache.m in Sources */ = {isa = PBXBuildFile; fileRef = E2E9BBB91784B6BB00C9797B /* MDAssetImageCache.m */; };
		E2E9BBBF1784BD7F00C9797B /* MDAssetImageCacheTests.m in Sources */ = {isa = PBXBuildFile; fileRef = E2E9BBBE1784BD7F00C9797B /* MDAssetImageCacheTests.m */; };
		E2F2C443177F798500528D02 /* libOCMock.a in Frameworks */ = {isa = PBXBuildFile; fileRef = E2F2C441177F793600528D02 /* libOCMock.a */; };
/* End PBXBuildFile section */

/* Begin PBXContainerItemProxy section */
		E23B9CBA1767A9A10085E174 /* PBXContainerItemProxy */ = {
			isa = PBXContainerItemProxy;
			containerPortal = E23B9C8C1767A9A10085E174 /* Project object */;
			proxyType = 1;
			remoteGlobalIDString = E23B9C931767A9A10085E174;
			remoteInfo = "Flickr Uploader";
		};
/* End PBXContainerItemProxy section */

/* Begin PBXFileReference section */
		E2069C0C178571B300675485 /* CachedThumbnail.h */ = {isa = PBXFileReference; fileEncoding = 4; lastKnownFileType = sourcecode.c.h; name = CachedThumbnail.h; path = Model/CachedThumbnail.h; sourceTree = "<group>"; };
		E2069C0D178571B300675485 /* CachedThumbnail.m */ = {isa = PBXFileReference; fileEncoding = 4; lastKnownFileType = sourcecode.c.objc; name = CachedThumbnail.m; path = Model/CachedThumbnail.m; sourceTree = "<group>"; };
		E2069C0F178596B000675485 /* NewRelicAgent.framework */ = {isa = PBXFileReference; lastKnownFileType = wrapper.framework; path = NewRelicAgent.framework; sourceTree = "<group>"; };
		E2069C11178596D800675485 /* CoreTelephony.framework */ = {isa = PBXFileReference; lastKnownFileType = wrapper.framework; name = CoreTelephony.framework; path = System/Library/Frameworks/CoreTelephony.framework; sourceTree = SDKROOT; };
		E2069C13178596DE00675485 /* SystemConfiguration.framework */ = {isa = PBXFileReference; lastKnownFileType = wrapper.framework; name = SystemConfiguration.framework; path = System/Library/Frameworks/SystemConfiguration.framework; sourceTree = SDKROOT; };
		E2069C15178596E400675485 /* libz.dylib */ = {isa = PBXFileReference; lastKnownFileType = "compiled.mach-o.dylib"; name = libz.dylib; path = usr/lib/libz.dylib; sourceTree = SDKROOT; };
		E22A665717830644001224F7 /* MDAssetQueue.h */ = {isa = PBXFileReference; fileEncoding = 4; lastKnownFileType = sourcecode.c.h; path = MDAssetQueue.h; sourceTree = "<group>"; };
		E22A665817830644001224F7 /* MDAssetQueue.m */ = {isa = PBXFileReference; fileEncoding = 4; lastKnownFileType = sourcecode.c.objc; path = MDAssetQueue.m; sourceTree = "<group>"; };
		E23B15F2178457B200888DEB /* ALAsset+MDAssetQueue.h */ = {isa = PBXFileReference; fileEncoding = 4; lastKnownFileType = sourcecode.c.h; path = "ALAsset+MDAssetQueue.h"; sourceTree = "<group>"; };
		E23B15F3178457B200888DEB /* ALAsset+MDAssetQueue.m */ = {isa = PBXFileReference; fileEncoding = 4; lastKnownFileType = sourcecode.c.objc; path = "ALAsset+MDAssetQueue.m"; sourceTree = "<group>"; };
		E23B15F51784580900888DEB /* ALAssetCategoryMDAssetQueueTests.m */ = {isa = PBXFileReference; fileEncoding = 4; lastKnownFileType = sourcecode.c.objc; path = ALAssetCategoryMDAssetQueueTests.m; sourceTree = "<group>"; };
		E23B9C941767A9A10085E174 /* Flickr Uploader.app */ = {isa = PBXFileReference; explicitFileType = wrapper.application; includeInIndex = 0; path = "Flickr Uploader.app"; sourceTree = BUILT_PRODUCTS_DIR; };
		E23B9C971767A9A10085E174 /* Foundation.framework */ = {isa = PBXFileReference; lastKnownFileType = wrapper.framework; name = Foundation.framework; path = System/Library/Frameworks/Foundation.framework; sourceTree = SDKROOT; };
		E23B9C991767A9A10085E174 /* CoreGraphics.framework */ = {isa = PBXFileReference; lastKnownFileType = wrapper.framework; name = CoreGraphics.framework; path = System/Library/Frameworks/CoreGraphics.framework; sourceTree = SDKROOT; };
		E23B9C9B1767A9A10085E174 /* UIKit.framework */ = {isa = PBXFileReference; lastKnownFileType = wrapper.framework; name = UIKit.framework; path = System/Library/Frameworks/UIKit.framework; sourceTree = SDKROOT; };
		E23B9C9F1767A9A10085E174 /* Flickr Uploader-Info.plist */ = {isa = PBXFileReference; lastKnownFileType = text.plist.xml; path = "Flickr Uploader-Info.plist"; sourceTree = "<group>"; };
		E23B9CA11767A9A10085E174 /* en */ = {isa = PBXFileReference; lastKnownFileType = text.plist.strings; name = en; path = en.lproj/InfoPlist.strings; sourceTree = "<group>"; };
		E23B9CA31767A9A10085E174 /* main.m */ = {isa = PBXFileReference; lastKnownFileType = sourcecode.c.objc; path = main.m; sourceTree = "<group>"; };
		E23B9CA51767A9A10085E174 /* Flickr Uploader-Prefix.pch */ = {isa = PBXFileReference; lastKnownFileType = sourcecode.c.h; path = "Flickr Uploader-Prefix.pch"; sourceTree = "<group>"; };
		E23B9CAF1767A9A10085E174 /* Images.xcassets */ = {isa = PBXFileReference; lastKnownFileType = folder.assetcatalog; path = Images.xcassets; sourceTree = "<group>"; };
		E23B9CB51767A9A10085E174 /* Flickr UploaderTests.xctest */ = {isa = PBXFileReference; explicitFileType = wrapper.cfbundle; includeInIndex = 0; path = "Flickr UploaderTests.xctest"; sourceTree = BUILT_PRODUCTS_DIR; };
		E23B9CB61767A9A10085E174 /* XCTest.framework */ = {isa = PBXFileReference; lastKnownFileType = wrapper.framework; name = XCTest.framework; path = Library/Frameworks/XCTest.framework; sourceTree = DEVELOPER_DIR; };
		E23B9CBE1767A9A10085E174 /* Flickr UploaderTests-Info.plist */ = {isa = PBXFileReference; lastKnownFileType = text.plist.xml; path = "Flickr UploaderTests-Info.plist"; sourceTree = "<group>"; };
		E23B9CC01767A9A10085E174 /* en */ = {isa = PBXFileReference; lastKnownFileType = text.plist.strings; name = en; path = en.lproj/InfoPlist.strings; sourceTree = "<group>"; };
		E23B9CC21767A9A10085E174 /* Flickr_UploaderTests.m */ = {isa = PBXFileReference; lastKnownFileType = sourcecode.c.objc; path = Flickr_UploaderTests.m; sourceTree = "<group>"; };
		E249E412177C0EC700F55D7C /* MDCurrentlyProcessingCell.h */ = {isa = PBXFileReference; fileEncoding = 4; lastKnownFileType = sourcecode.c.h; name = MDCurrentlyProcessingCell.h; path = TableViewCells/MDCurrentlyProcessingCell.h; sourceTree = "<group>"; };
		E249E413177C0EC700F55D7C /* MDCurrentlyProcessingCell.m */ = {isa = PBXFileReference; fileEncoding = 4; lastKnownFileType = sourcecode.c.objc; name = MDCurrentlyProcessingCell.m; path = TableViewCells/MDCurrentlyProcessingCell.m; sourceTree = "<group>"; };
		E249E415177C13EE00F55D7C /* MDQueuedPictureCell4.h */ = {isa = PBXFileReference; fileEncoding = 4; lastKnownFileType = sourcecode.c.h; name = MDQueuedPictureCell4.h; path = TableViewCells/MDQueuedPictureCell4.h; sourceTree = "<group>"; };
		E249E416177C13EE00F55D7C /* MDQueuedPictureCell4.m */ = {isa = PBXFileReference; fileEncoding = 4; lastKnownFileType = sourcecode.c.objc; name = MDQueuedPictureCell4.m; path = TableViewCells/MDQueuedPictureCell4.m; sourceTree = "<group>"; };
		E24D2B24177CC73A00E4D58E /* MDUploadQueueViewController.h */ = {isa = PBXFileReference; fileEncoding = 4; lastKnownFileType = sourcecode.c.h; name = MDUploadQueueViewController.h; path = ViewControllers/MDUploadQueueViewController.h; sourceTree = "<group>"; };
		E24D2B25177CC73A00E4D58E /* MDUploadQueueViewController.m */ = {isa = PBXFileReference; fileEncoding = 4; lastKnownFileType = sourcecode.c.objc; name = MDUploadQueueViewController.m; path = ViewControllers/MDUploadQueueViewController.m; sourceTree = "<group>"; };
		E25F80DA176EC22800328511 /* AssetsLibrary.framework */ = {isa = PBXFileReference; lastKnownFileType = wrapper.framework; name = AssetsLibrary.framework; path = System/Library/Frameworks/AssetsLibrary.framework; sourceTree = SDKROOT; };
		E26A84E917855A7D00B2A9AB /* OCMockRecorder+ExtraMethods.h */ = {isa = PBXFileReference; fileEncoding = 4; lastKnownFileType = sourcecode.c.h; path = "OCMockRecorder+ExtraMethods.h"; sourceTree = "<group>"; };
		E26A84EA17855A7D00B2A9AB /* OCMockRecorder+ExtraMethods.m */ = {isa = PBXFileReference; fileEncoding = 4; lastKnownFileType = sourcecode.c.objc; path = "OCMockRecorder+ExtraMethods.m"; sourceTree = "<group>"; };
		E26C02BC17840AC500EB8300 /* MDAssetQueueTests.m */ = {isa = PBXFileReference; fileEncoding = 4; lastKnownFileType = sourcecode.c.objc; path = MDAssetQueueTests.m; sourceTree = "<group>"; };
		E26C031717840C9700EB8300 /* MagicalImportFunctions.h */ = {isa = PBXFileReference; fileEncoding = 4; lastKnownFileType = sourcecode.c.h; path = MagicalImportFunctions.h; sourceTree = "<group>"; };
		E26C031817840C9700EB8300 /* MagicalImportFunctions.m */ = {isa = PBXFileReference; fileEncoding = 4; lastKnownFileType = sourcecode.c.objc; path = MagicalImportFunctions.m; sourceTree = "<group>"; };
		E26C031917840C9700EB8300 /* NSAttributeDescription+MagicalDataImport.h */ = {isa = PBXFileReference; fileEncoding = 4; lastKnownFileType = sourcecode.c.h; path = "NSAttributeDescription+MagicalDataImport.h"; sourceTree = "<group>"; };
		E26C031A17840C9700EB8300 /* NSAttributeDescription+MagicalDataImport.m */ = {isa = PBXFileReference; fileEncoding = 4; lastKnownFileType = sourcecode.c.objc; path = "NSAttributeDescription+MagicalDataImport.m"; sourceTree = "<group>"; };
		E26C031B17840C9700EB8300 /* NSEntityDescription+MagicalDataImport.h */ = {isa = PBXFileReference; fileEncoding = 4; lastKnownFileType = sourcecode.c.h; path = "NSEntityDescription+MagicalDataImport.h"; sourceTree = "<group>"; };
		E26C031C17840C9700EB8300 /* NSEntityDescription+MagicalDataImport.m */ = {isa = PBXFileReference; fileEncoding = 4; lastKnownFileType = sourcecode.c.objc; path = "NSEntityDescription+MagicalDataImport.m"; sourceTree = "<group>"; };
		E26C031D17840C9700EB8300 /* NSNumber+MagicalDataImport.h */ = {isa = PBXFileReference; fileEncoding = 4; lastKnownFileType = sourcecode.c.h; path = "NSNumber+MagicalDataImport.h"; sourceTree = "<group>"; };
		E26C031E17840C9700EB8300 /* NSNumber+MagicalDataImport.m */ = {isa = PBXFileReference; fileEncoding = 4; lastKnownFileType = sourcecode.c.objc; path = "NSNumber+MagicalDataImport.m"; sourceTree = "<group>"; };
		E26C031F17840C9700EB8300 /* NSObject+MagicalDataImport.h */ = {isa = PBXFileReference; fileEncoding = 4; lastKnownFileType = sourcecode.c.h; path = "NSObject+MagicalDataImport.h"; sourceTree = "<group>"; };
		E26C032017840C9700EB8300 /* NSObject+MagicalDataImport.m */ = {isa = PBXFileReference; fileEncoding = 4; lastKnownFileType = sourcecode.c.objc; path = "NSObject+MagicalDataImport.m"; sourceTree = "<group>"; };
		E26C032117840C9700EB8300 /* NSRelationshipDescription+MagicalDataImport.h */ = {isa = PBXFileReference; fileEncoding = 4; lastKnownFileType = sourcecode.c.h; path = "NSRelationshipDescription+MagicalDataImport.h"; sourceTree = "<group>"; };
		E26C032217840C9700EB8300 /* NSRelationshipDescription+MagicalDataImport.m */ = {isa = PBXFileReference; fileEncoding = 4; lastKnownFileType = sourcecode.c.objc; path = "NSRelationshipDescription+MagicalDataImport.m"; sourceTree = "<group>"; };
		E26C032317840C9700EB8300 /* NSString+MagicalDataImport.h */ = {isa = PBXFileReference; fileEncoding = 4; lastKnownFileType = sourcecode.c.h; path = "NSString+MagicalDataImport.h"; sourceTree = "<group>"; };
		E26C032417840C9700EB8300 /* NSString+MagicalDataImport.m */ = {isa = PBXFileReference; fileEncoding = 4; lastKnownFileType = sourcecode.c.objc; path = "NSString+MagicalDataImport.m"; sourceTree = "<group>"; };
		E26C032617840C9700EB8300 /* NSManagedObject+MagicalAggregation.h */ = {isa = PBXFileReference; fileEncoding = 4; lastKnownFileType = sourcecode.c.h; path = "NSManagedObject+MagicalAggregation.h"; sourceTree = "<group>"; };
		E26C032717840C9700EB8300 /* NSManagedObject+MagicalAggregation.m */ = {isa = PBXFileReference; fileEncoding = 4; lastKnownFileType = sourcecode.c.objc; path = "NSManagedObject+MagicalAggregation.m"; sourceTree = "<group>"; };
		E26C032817840C9700EB8300 /* NSManagedObject+MagicalDataImport.h */ = {isa = PBXFileReference; fileEncoding = 4; lastKnownFileType = sourcecode.c.h; path = "NSManagedObject+MagicalDataImport.h"; sourceTree = "<group>"; };
		E26C032917840C9700EB8300 /* NSManagedObject+MagicalDataImport.m */ = {isa = PBXFileReference; fileEncoding = 4; lastKnownFileType = sourcecode.c.objc; path = "NSManagedObject+MagicalDataImport.m"; sourceTree = "<group>"; };
		E26C032A17840C9700EB8300 /* NSManagedObject+MagicalFinders.h */ = {isa = PBXFileReference; fileEncoding = 4; lastKnownFileType = sourcecode.c.h; path = "NSManagedObject+MagicalFinders.h"; sourceTree = "<group>"; };
		E26C032B17840C9700EB8300 /* NSManagedObject+MagicalFinders.m */ = {isa = PBXFileReference; fileEncoding = 4; lastKnownFileType = sourcecode.c.objc; path = "NSManagedObject+MagicalFinders.m"; sourceTree = "<group>"; };
		E26C032C17840C9700EB8300 /* NSManagedObject+MagicalRecord.h */ = {isa = PBXFileReference; fileEncoding = 4; lastKnownFileType = sourcecode.c.h; path = "NSManagedObject+MagicalRecord.h"; sourceTree = "<group>"; };
		E26C032D17840C9700EB8300 /* NSManagedObject+MagicalRecord.m */ = {isa = PBXFileReference; fileEncoding = 4; lastKnownFileType = sourcecode.c.objc; path = "NSManagedObject+MagicalRecord.m"; sourceTree = "<group>"; };
		E26C032E17840C9700EB8300 /* NSManagedObject+MagicalRequests.h */ = {isa = PBXFileReference; fileEncoding = 4; lastKnownFileType = sourcecode.c.h; path = "NSManagedObject+MagicalRequests.h"; sourceTree = "<group>"; };
		E26C032F17840C9700EB8300 /* NSManagedObject+MagicalRequests.m */ = {isa = PBXFileReference; fileEncoding = 4; lastKnownFileType = sourcecode.c.objc; path = "NSManagedObject+MagicalRequests.m"; sourceTree = "<group>"; };
		E26C033117840C9700EB8300 /* NSManagedObjectContext+MagicalObserving.h */ = {isa = PBXFileReference; fileEncoding = 4; lastKnownFileType = sourcecode.c.h; path = "NSManagedObjectContext+MagicalObserving.h"; sourceTree = "<group>"; };
		E26C033217840C9700EB8300 /* NSManagedObjectContext+MagicalObserving.m */ = {isa = PBXFileReference; fileEncoding = 4; lastKnownFileType = sourcecode.c.objc; path = "NSManagedObjectContext+MagicalObserving.m"; sourceTree = "<group>"; };
		E26C033317840C9700EB8300 /* NSManagedObjectContext+MagicalRecord.h */ = {isa = PBXFileReference; fileEncoding = 4; lastKnownFileType = sourcecode.c.h; path = "NSManagedObjectContext+MagicalRecord.h"; sourceTree = "<group>"; };
		E26C033417840C9700EB8300 /* NSManagedObjectContext+MagicalRecord.m */ = {isa = PBXFileReference; fileEncoding = 4; lastKnownFileType = sourcecode.c.objc; path = "NSManagedObjectContext+MagicalRecord.m"; sourceTree = "<group>"; };
		E26C033517840C9700EB8300 /* NSManagedObjectContext+MagicalSaves.h */ = {isa = PBXFileReference; fileEncoding = 4; lastKnownFileType = sourcecode.c.h; path = "NSManagedObjectContext+MagicalSaves.h"; sourceTree = "<group>"; };
		E26C033617840C9700EB8300 /* NSManagedObjectContext+MagicalSaves.m */ = {isa = PBXFileReference; fileEncoding = 4; lastKnownFileType = sourcecode.c.objc; path = "NSManagedObjectContext+MagicalSaves.m"; sourceTree = "<group>"; };
		E26C033717840C9700EB8300 /* NSManagedObjectContext+MagicalThreading.h */ = {isa = PBXFileReference; fileEncoding = 4; lastKnownFileType = sourcecode.c.h; path = "NSManagedObjectContext+MagicalThreading.h"; sourceTree = "<group>"; };
		E26C033817840C9700EB8300 /* NSManagedObjectContext+MagicalThreading.m */ = {isa = PBXFileReference; fileEncoding = 4; lastKnownFileType = sourcecode.c.objc; path = "NSManagedObjectContext+MagicalThreading.m"; sourceTree = "<group>"; };
		E26C033917840C9700EB8300 /* NSManagedObjectModel+MagicalRecord.h */ = {isa = PBXFileReference; fileEncoding = 4; lastKnownFileType = sourcecode.c.h; path = "NSManagedObjectModel+MagicalRecord.h"; sourceTree = "<group>"; };
		E26C033A17840C9700EB8300 /* NSManagedObjectModel+MagicalRecord.m */ = {isa = PBXFileReference; fileEncoding = 4; lastKnownFileType = sourcecode.c.objc; path = "NSManagedObjectModel+MagicalRecord.m"; sourceTree = "<group>"; };
		E26C033B17840C9700EB8300 /* NSPersistentStore+MagicalRecord.h */ = {isa = PBXFileReference; fileEncoding = 4; lastKnownFileType = sourcecode.c.h; path = "NSPersistentStore+MagicalRecord.h"; sourceTree = "<group>"; };
		E26C033C17840C9700EB8300 /* NSPersistentStore+MagicalRecord.m */ = {isa = PBXFileReference; fileEncoding = 4; lastKnownFileType = sourcecode.c.objc; path = "NSPersistentStore+MagicalRecord.m"; sourceTree = "<group>"; };
		E26C033D17840C9700EB8300 /* NSPersistentStoreCoordinator+MagicalRecord.h */ = {isa = PBXFileReference; fileEncoding = 4; lastKnownFileType = sourcecode.c.h; path = "NSPersistentStoreCoordinator+MagicalRecord.h"; sourceTree = "<group>"; };
		E26C033E17840C9700EB8300 /* NSPersistentStoreCoordinator+MagicalRecord.m */ = {isa = PBXFileReference; fileEncoding = 4; lastKnownFileType = sourcecode.c.objc; path = "NSPersistentStoreCoordinator+MagicalRecord.m"; sourceTree = "<group>"; };
		E26C034017840C9700EB8300 /* MagicalRecord+Actions.h */ = {isa = PBXFileReference; fileEncoding = 4; lastKnownFileType = sourcecode.c.h; path = "MagicalRecord+Actions.h"; sourceTree = "<group>"; };
		E26C034117840C9700EB8300 /* MagicalRecord+Actions.m */ = {isa = PBXFileReference; fileEncoding = 4; lastKnownFileType = sourcecode.c.objc; path = "MagicalRecord+Actions.m"; sourceTree = "<group>"; };
		E26C034217840C9700EB8300 /* MagicalRecord+ErrorHandling.h */ = {isa = PBXFileReference; fileEncoding = 4; lastKnownFileType = sourcecode.c.h; path = "MagicalRecord+ErrorHandling.h"; sourceTree = "<group>"; };
		E26C034317840C9700EB8300 /* MagicalRecord+ErrorHandling.m */ = {isa = PBXFileReference; fileEncoding = 4; lastKnownFileType = sourcecode.c.objc; path = "MagicalRecord+ErrorHandling.m"; sourceTree = "<group>"; };
		E26C034417840C9700EB8300 /* MagicalRecord+iCloud.h */ = {isa = PBXFileReference; fileEncoding = 4; lastKnownFileType = sourcecode.c.h; path = "MagicalRecord+iCloud.h"; sourceTree = "<group>"; };
		E26C034517840C9700EB8300 /* MagicalRecord+iCloud.m */ = {isa = PBXFileReference; fileEncoding = 4; lastKnownFileType = sourcecode.c.objc; path = "MagicalRecord+iCloud.m"; sourceTree = "<group>"; };
		E26C034617840C9700EB8300 /* MagicalRecord+Options.h */ = {isa = PBXFileReference; fileEncoding = 4; lastKnownFileType = sourcecode.c.h; path = "MagicalRecord+Options.h"; sourceTree = "<group>"; };
		E26C034717840C9700EB8300 /* MagicalRecord+Options.m */ = {isa = PBXFileReference; fileEncoding = 4; lastKnownFileType = sourcecode.c.objc; path = "MagicalRecord+Options.m"; sourceTree = "<group>"; };
		E26C034817840C9700EB8300 /* MagicalRecord+Setup.h */ = {isa = PBXFileReference; fileEncoding = 4; lastKnownFileType = sourcecode.c.h; path = "MagicalRecord+Setup.h"; sourceTree = "<group>"; };
		E26C034917840C9700EB8300 /* MagicalRecord+Setup.m */ = {isa = PBXFileReference; fileEncoding = 4; lastKnownFileType = sourcecode.c.objc; path = "MagicalRecord+Setup.m"; sourceTree = "<group>"; };
		E26C034A17840C9700EB8300 /* MagicalRecord+ShorthandSupport.h */ = {isa = PBXFileReference; fileEncoding = 4; lastKnownFileType = sourcecode.c.h; path = "MagicalRecord+ShorthandSupport.h"; sourceTree = "<group>"; };
		E26C034B17840C9700EB8300 /* MagicalRecord+ShorthandSupport.m */ = {isa = PBXFileReference; fileEncoding = 4; lastKnownFileType = sourcecode.c.objc; path = "MagicalRecord+ShorthandSupport.m"; sourceTree = "<group>"; };
		E26C034C17840C9700EB8300 /* MagicalRecord.h */ = {isa = PBXFileReference; fileEncoding = 4; lastKnownFileType = sourcecode.c.h; path = MagicalRecord.h; sourceTree = "<group>"; };
		E26C034D17840C9700EB8300 /* MagicalRecord.m */ = {isa = PBXFileReference; fileEncoding = 4; lastKnownFileType = sourcecode.c.objc; path = MagicalRecord.m; sourceTree = "<group>"; };
		E26C034E17840C9700EB8300 /* MagicalRecordShorthand.h */ = {isa = PBXFileReference; fileEncoding = 4; lastKnownFileType = sourcecode.c.h; path = MagicalRecordShorthand.h; sourceTree = "<group>"; };
		E26C034F17840C9700EB8300 /* CoreData+MagicalRecord.h */ = {isa = PBXFileReference; fileEncoding = 4; lastKnownFileType = sourcecode.c.h; path = "CoreData+MagicalRecord.h"; sourceTree = "<group>"; };
		E26C038417840F9800EB8300 /* CoreData.framework */ = {isa = PBXFileReference; lastKnownFileType = wrapper.framework; name = CoreData.framework; path = System/Library/Frameworks/CoreData.framework; sourceTree = SDKROOT; };
		E278217A177A25C80064278F /* UploadLog.h */ = {isa = PBXFileReference; fileEncoding = 4; lastKnownFileType = sourcecode.c.h; name = UploadLog.h; path = Model/UploadLog.h; sourceTree = "<group>"; };
		E278217B177A25C80064278F /* UploadLog.m */ = {isa = PBXFileReference; fileEncoding = 4; lastKnownFileType = sourcecode.c.objc; name = UploadLog.m; path = Model/UploadLog.m; sourceTree = "<group>"; };
		E278217F177A267C0064278F /* Model.xcdatamodel */ = {isa = PBXFileReference; lastKnownFileType = wrapper.xcdatamodel; path = Model.xcdatamodel; sourceTree = "<group>"; };
		E2782183177A2C190064278F /* MDUploadViewController.h */ = {isa = PBXFileReference; fileEncoding = 4; lastKnownFileType = sourcecode.c.h; name = MDUploadViewController.h; path = ViewControllers/MDUploadViewController.h; sourceTree = "<group>"; };
		E2782184177A2C190064278F /* MDUploadViewController.m */ = {isa = PBXFileReference; fileEncoding = 4; lastKnownFileType = sourcecode.c.objc; name = MDUploadViewController.m; path = ViewControllers/MDUploadViewController.m; sourceTree = "<group>"; };
		E29EAE7D177DC3990090CAD6 /* LXReorderableCollectionViewFlowLayout.h */ = {isa = PBXFileReference; fileEncoding = 4; lastKnownFileType = sourcecode.c.h; path = LXReorderableCollectionViewFlowLayout.h; sourceTree = "<group>"; };
		E29EAE7E177DC3990090CAD6 /* LXReorderableCollectionViewFlowLayout.m */ = {isa = PBXFileReference; fileEncoding = 4; lastKnownFileType = sourcecode.c.objc; path = LXReorderableCollectionViewFlowLayout.m; sourceTree = "<group>"; };
		E2DAFE03176DFBF500A5C316 /* NSString+MD5.h */ = {isa = PBXFileReference; fileEncoding = 4; lastKnownFileType = sourcecode.c.h; name = "NSString+MD5.h"; path = "Utilities/NSString+MD5.h"; sourceTree = "<group>"; };
		E2DAFE04176DFBF500A5C316 /* NSString+MD5.m */ = {isa = PBXFileReference; fileEncoding = 4; lastKnownFileType = sourcecode.c.objc; name = "NSString+MD5.m"; path = "Utilities/NSString+MD5.m"; sourceTree = "<group>"; };
		E2DAFE06176DFC0600A5C316 /* NSObject+SBJson.h */ = {isa = PBXFileReference; fileEncoding = 4; lastKnownFileType = sourcecode.c.h; path = "NSObject+SBJson.h"; sourceTree = "<group>"; };
		E2DAFE07176DFC0600A5C316 /* NSObject+SBJson.m */ = {isa = PBXFileReference; fileEncoding = 4; lastKnownFileType = sourcecode.c.objc; path = "NSObject+SBJson.m"; sourceTree = "<group>"; };
		E2DAFE08176DFC0600A5C316 /* SBJson.h */ = {isa = PBXFileReference; fileEncoding = 4; lastKnownFileType = sourcecode.c.h; path = SBJson.h; sourceTree = "<group>"; };
		E2DAFE09176DFC0600A5C316 /* SBJsonParser.h */ = {isa = PBXFileReference; fileEncoding = 4; lastKnownFileType = sourcecode.c.h; path = SBJsonParser.h; sourceTree = "<group>"; };
		E2DAFE0A176DFC0600A5C316 /* SBJsonParser.m */ = {isa = PBXFileReference; fileEncoding = 4; lastKnownFileType = sourcecode.c.objc; path = SBJsonParser.m; sourceTree = "<group>"; };
		E2DAFE0B176DFC0600A5C316 /* SBJsonStreamParser.h */ = {isa = PBXFileReference; fileEncoding = 4; lastKnownFileType = sourcecode.c.h; path = SBJsonStreamParser.h; sourceTree = "<group>"; };
		E2DAFE0C176DFC0600A5C316 /* SBJsonStreamParser.m */ = {isa = PBXFileReference; fileEncoding = 4; lastKnownFileType = sourcecode.c.objc; path = SBJsonStreamParser.m; sourceTree = "<group>"; };
		E2DAFE0D176DFC0600A5C316 /* SBJsonStreamParserAccumulator.h */ = {isa = PBXFileReference; fileEncoding = 4; lastKnownFileType = sourcecode.c.h; path = SBJsonStreamParserAccumulator.h; sourceTree = "<group>"; };
		E2DAFE0E176DFC0600A5C316 /* SBJsonStreamParserAccumulator.m */ = {isa = PBXFileReference; fileEncoding = 4; lastKnownFileType = sourcecode.c.objc; path = SBJsonStreamParserAccumulator.m; sourceTree = "<group>"; };
		E2DAFE0F176DFC0600A5C316 /* SBJsonStreamParserAdapter.h */ = {isa = PBXFileReference; fileEncoding = 4; lastKnownFileType = sourcecode.c.h; path = SBJsonStreamParserAdapter.h; sourceTree = "<group>"; };
		E2DAFE10176DFC0600A5C316 /* SBJsonStreamParserAdapter.m */ = {isa = PBXFileReference; fileEncoding = 4; lastKnownFileType = sourcecode.c.objc; path = SBJsonStreamParserAdapter.m; sourceTree = "<group>"; };
		E2DAFE11176DFC0600A5C316 /* SBJsonStreamParserState.h */ = {isa = PBXFileReference; fileEncoding = 4; lastKnownFileType = sourcecode.c.h; path = SBJsonStreamParserState.h; sourceTree = "<group>"; };
		E2DAFE12176DFC0600A5C316 /* SBJsonStreamParserState.m */ = {isa = PBXFileReference; fileEncoding = 4; lastKnownFileType = sourcecode.c.objc; path = SBJsonStreamParserState.m; sourceTree = "<group>"; };
		E2DAFE13176DFC0600A5C316 /* SBJsonStreamWriter.h */ = {isa = PBXFileReference; fileEncoding = 4; lastKnownFileType = sourcecode.c.h; path = SBJsonStreamWriter.h; sourceTree = "<group>"; };
		E2DAFE14176DFC0600A5C316 /* SBJsonStreamWriter.m */ = {isa = PBXFileReference; fileEncoding = 4; lastKnownFileType = sourcecode.c.objc; path = SBJsonStreamWriter.m; sourceTree = "<group>"; };
		E2DAFE15176DFC0600A5C316 /* SBJsonStreamWriterAccumulator.h */ = {isa = PBXFileReference; fileEncoding = 4; lastKnownFileType = sourcecode.c.h; path = SBJsonStreamWriterAccumulator.h; sourceTree = "<group>"; };
		E2DAFE16176DFC0600A5C316 /* SBJsonStreamWriterAccumulator.m */ = {isa = PBXFileReference; fileEncoding = 4; lastKnownFileType = sourcecode.c.objc; path = SBJsonStreamWriterAccumulator.m; sourceTree = "<group>"; };
		E2DAFE17176DFC0600A5C316 /* SBJsonStreamWriterState.h */ = {isa = PBXFileReference; fileEncoding = 4; lastKnownFileType = sourcecode.c.h; path = SBJsonStreamWriterState.h; sourceTree = "<group>"; };
		E2DAFE18176DFC0600A5C316 /* SBJsonStreamWriterState.m */ = {isa = PBXFileReference; fileEncoding = 4; lastKnownFileType = sourcecode.c.objc; path = SBJsonStreamWriterState.m; sourceTree = "<group>"; };
		E2DAFE19176DFC0600A5C316 /* SBJsonTokeniser.h */ = {isa = PBXFileReference; fileEncoding = 4; lastKnownFileType = sourcecode.c.h; path = SBJsonTokeniser.h; sourceTree = "<group>"; };
		E2DAFE1A176DFC0600A5C316 /* SBJsonTokeniser.m */ = {isa = PBXFileReference; fileEncoding = 4; lastKnownFileType = sourcecode.c.objc; path = SBJsonTokeniser.m; sourceTree = "<group>"; };
		E2DAFE1B176DFC0600A5C316 /* SBJsonUTF8Stream.h */ = {isa = PBXFileReference; fileEncoding = 4; lastKnownFileType = sourcecode.c.h; path = SBJsonUTF8Stream.h; sourceTree = "<group>"; };
		E2DAFE1C176DFC0600A5C316 /* SBJsonUTF8Stream.m */ = {isa = PBXFileReference; fileEncoding = 4; lastKnownFileType = sourcecode.c.objc; path = SBJsonUTF8Stream.m; sourceTree = "<group>"; };
		E2DAFE1D176DFC0600A5C316 /* SBJsonWriter.h */ = {isa = PBXFileReference; fileEncoding = 4; lastKnownFileType = sourcecode.c.h; path = SBJsonWriter.h; sourceTree = "<group>"; };
		E2DAFE1E176DFC0600A5C316 /* SBJsonWriter.m */ = {isa = PBXFileReference; fileEncoding = 4; lastKnownFileType = sourcecode.c.objc; path = SBJsonWriter.m; sourceTree = "<group>"; };
		E2DAFE2B176DFC1700A5C316 /* NSData+Base64.h */ = {isa = PBXFileReference; fileEncoding = 4; lastKnownFileType = sourcecode.c.h; name = "NSData+Base64.h"; path = "RXFlickr/NSData+Base64.h"; sourceTree = "<group>"; };
		E2DAFE2C176DFC1700A5C316 /* NSData+Base64.m */ = {isa = PBXFileReference; fileEncoding = 4; lastKnownFileType = sourcecode.c.objc; name = "NSData+Base64.m"; path = "RXFlickr/NSData+Base64.m"; sourceTree = "<group>"; };
		E2DAFE2D176DFC1700A5C316 /* NSString+URLEncodeString.h */ = {isa = PBXFileReference; fileEncoding = 4; lastKnownFileType = sourcecode.c.h; name = "NSString+URLEncodeString.h"; path = "RXFlickr/NSString+URLEncodeString.h"; sourceTree = "<group>"; };
		E2DAFE2E176DFC1700A5C316 /* NSString+URLEncodeString.m */ = {isa = PBXFileReference; fileEncoding = 4; lastKnownFileType = sourcecode.c.objc; name = "NSString+URLEncodeString.m"; path = "RXFlickr/NSString+URLEncodeString.m"; sourceTree = "<group>"; };
		E2DAFE2F176DFC1700A5C316 /* RXFlickr.h */ = {isa = PBXFileReference; fileEncoding = 4; lastKnownFileType = sourcecode.c.h; name = RXFlickr.h; path = RXFlickr/RXFlickr.h; sourceTree = "<group>"; };
		E2DAFE30176DFC1700A5C316 /* RXFlickr.m */ = {isa = PBXFileReference; fileEncoding = 4; lastKnownFileType = sourcecode.c.objc; name = RXFlickr.m; path = RXFlickr/RXFlickr.m; sourceTree = "<group>"; };
		E2DAFE31176DFC1700A5C316 /* RXFlickr+checkToken.h */ = {isa = PBXFileReference; fileEncoding = 4; lastKnownFileType = sourcecode.c.h; name = "RXFlickr+checkToken.h"; path = "RXFlickr/RXFlickr+checkToken.h"; sourceTree = "<group>"; };
		E2DAFE32176DFC1700A5C316 /* RXFlickr+checkToken.m */ = {isa = PBXFileReference; fileEncoding = 4; lastKnownFileType = sourcecode.c.objc; name = "RXFlickr+checkToken.m"; path = "RXFlickr/RXFlickr+checkToken.m"; sourceTree = "<group>"; };
		E2DAFE37176DFC4000A5C316 /* ARCKeychainGenericPasswordWrapper.h */ = {isa = PBXFileReference; fileEncoding = 4; lastKnownFileType = sourcecode.c.h; path = ARCKeychainGenericPasswordWrapper.h; sourceTree = "<group>"; };
		E2DAFE38176DFC4000A5C316 /* ARCKeychainGenericPasswordWrapper.m */ = {isa = PBXFileReference; fileEncoding = 4; lastKnownFileType = sourcecode.c.objc; path = ARCKeychainGenericPasswordWrapper.m; sourceTree = "<group>"; };
		E2DAFE39176DFC4000A5C316 /* MDAppDelegate.h */ = {isa = PBXFileReference; fileEncoding = 4; lastKnownFileType = sourcecode.c.h; path = MDAppDelegate.h; sourceTree = "<group>"; };
		E2DAFE3A176DFC4000A5C316 /* MDAppDelegate.m */ = {isa = PBXFileReference; fileEncoding = 4; lastKnownFileType = sourcecode.c.objc; path = MDAppDelegate.m; sourceTree = "<group>"; };
		E2DAFE3B176DFC4000A5C316 /* MDFlickrAuthenticationViewController.h */ = {isa = PBXFileReference; fileEncoding = 4; lastKnownFileType = sourcecode.c.h; path = MDFlickrAuthenticationViewController.h; sourceTree = "<group>"; };
		E2DAFE3C176DFC4000A5C316 /* MDFlickrAuthenticationViewController.m */ = {isa = PBXFileReference; fileEncoding = 4; lastKnownFileType = sourcecode.c.objc; path = MDFlickrAuthenticationViewController.m; sourceTree = "<group>"; };
		E2DAFE3D176DFC4000A5C316 /* MDOAuthToken.h */ = {isa = PBXFileReference; fileEncoding = 4; lastKnownFileType = sourcecode.c.h; path = MDOAuthToken.h; sourceTree = "<group>"; };
		E2DAFE3E176DFC4000A5C316 /* MDOAuthToken.m */ = {isa = PBXFileReference; fileEncoding = 4; lastKnownFileType = sourcecode.c.objc; path = MDOAuthToken.m; sourceTree = "<group>"; };
		E2DAFE46176DFE2700A5C316 /* iPhone.storyboard */ = {isa = PBXFileReference; fileEncoding = 4; lastKnownFileType = file.storyboard; name = iPhone.storyboard; path = Storyboards/iPhone.storyboard; sourceTree = "<group>"; };
		E2E9BBB81784B6BB00C9797B /* MDAssetImageCache.h */ = {isa = PBXFileReference; fileEncoding = 4; lastKnownFileType = sourcecode.c.h; path = MDAssetImageCache.h; sourceTree = "<group>"; };
		E2E9BBB91784B6BB00C9797B /* MDAssetImageCache.m */ = {isa = PBXFileReference; fileEncoding = 4; lastKnownFileType = sourcecode.c.objc; path = MDAssetImageCache.m; sourceTree = "<group>"; };
		E2E9BBBE1784BD7F00C9797B /* MDAssetImageCacheTests.m */ = {isa = PBXFileReference; fileEncoding = 4; lastKnownFileType = sourcecode.c.objc; path = MDAssetImageCacheTests.m; sourceTree = "<group>"; };
		E2F2C441177F793600528D02 /* libOCMock.a */ = {isa = PBXFileReference; lastKnownFileType = archive.ar; name = libOCMock.a; path = usr/lib/libOCMock.a; sourceTree = "<group>"; };
/* End PBXFileReference section */

/* Begin PBXFrameworksBuildPhase section */
		E23B9C911767A9A10085E174 /* Frameworks */ = {
			isa = PBXFrameworksBuildPhase;
			buildActionMask = 2147483647;
			files = (
				E2069C16178596E400675485 /* libz.dylib in Frameworks */,
				E2069C14178596DE00675485 /* SystemConfiguration.framework in Frameworks */,
				E2069C12178596D800675485 /* CoreTelephony.framework in Frameworks */,
				E23B9C9A1767A9A10085E174 /* CoreGraphics.framework in Frameworks */,
				E23B9C9C1767A9A10085E174 /* UIKit.framework in Frameworks */,
				E23B9C981767A9A10085E174 /* Foundation.framework in Frameworks */,
				E2069C10178596B000675485 /* NewRelicAgent.framework in Frameworks */,
			);
			runOnlyForDeploymentPostprocessing = 0;
		};
		E23B9CB21767A9A10085E174 /* Frameworks */ = {
			isa = PBXFrameworksBuildPhase;
			buildActionMask = 2147483647;
			files = (
				E26C038517840F9800EB8300 /* CoreData.framework in Frameworks */,
				E2F2C443177F798500528D02 /* libOCMock.a in Frameworks */,
				E23B9CB71767A9A10085E174 /* XCTest.framework in Frameworks */,
				E23B9CB91767A9A10085E174 /* UIKit.framework in Frameworks */,
				E23B9CB81767A9A10085E174 /* Foundation.framework in Frameworks */,
			);
			runOnlyForDeploymentPostprocessing = 0;
		};
/* End PBXFrameworksBuildPhase section */

/* Begin PBXGroup section */
		E23B9C8B1767A9A10085E174 = {
			isa = PBXGroup;
			children = (
				E26C031417840C9700EB8300 /* MagicalRecord */,
				E23B9C9D1767A9A10085E174 /* Flickr Uploader */,
				E23B9CBC1767A9A10085E174 /* Flickr UploaderTests */,
				E23B9C961767A9A10085E174 /* Frameworks */,
				E23B9C951767A9A10085E174 /* Products */,
			);
			sourceTree = "<group>";
		};
		E23B9C951767A9A10085E174 /* Products */ = {
			isa = PBXGroup;
			children = (
				E23B9C941767A9A10085E174 /* Flickr Uploader.app */,
				E23B9CB51767A9A10085E174 /* Flickr UploaderTests.xctest */,
			);
			name = Products;
			sourceTree = "<group>";
		};
		E23B9C961767A9A10085E174 /* Frameworks */ = {
			isa = PBXGroup;
			children = (
				E2069C15178596E400675485 /* libz.dylib */,
				E2069C13178596DE00675485 /* SystemConfiguration.framework */,
				E2069C11178596D800675485 /* CoreTelephony.framework */,
				E2069C0F178596B000675485 /* NewRelicAgent.framework */,
				E26C038417840F9800EB8300 /* CoreData.framework */,
				E2F2C441177F793600528D02 /* libOCMock.a */,
				E25F80DA176EC22800328511 /* AssetsLibrary.framework */,
				E23B9C971767A9A10085E174 /* Foundation.framework */,
				E23B9C991767A9A10085E174 /* CoreGraphics.framework */,
				E23B9C9B1767A9A10085E174 /* UIKit.framework */,
				E23B9CB61767A9A10085E174 /* XCTest.framework */,
			);
			name = Frameworks;
			sourceTree = "<group>";
		};
		E23B9C9D1767A9A10085E174 /* Flickr Uploader */ = {
			isa = PBXGroup;
			children = (
				E29EAE7C177DC3990090CAD6 /* LXReorderableCollectionViewFlowLayout */,
				E24D2B27177CC75400E4D58E /* CollectionViewCells */,
				E249E411177C0E9700F55D7C /* TableViewCells */,
				E25F80D6176EC16B00328511 /* ViewControllers */,
				E2DAFE37176DFC4000A5C316 /* ARCKeychainGenericPasswordWrapper.h */,
				E2DAFE38176DFC4000A5C316 /* ARCKeychainGenericPasswordWrapper.m */,
				E2DAFE39176DFC4000A5C316 /* MDAppDelegate.h */,
				E2DAFE3A176DFC4000A5C316 /* MDAppDelegate.m */,
				E2DAFE3D176DFC4000A5C316 /* MDOAuthToken.h */,
				E2DAFE3E176DFC4000A5C316 /* MDOAuthToken.m */,
				E2DAFDB8176DF1DF00A5C316 /* json-framework */,
				E2DAFD91176DEA8800A5C316 /* Utilities */,
				E2DAFD7B176DC74800A5C316 /* RXFlickr */,
				E23B9CAF1767A9A10085E174 /* Images.xcassets */,
				E23B9C9E1767A9A10085E174 /* Supporting Files */,
				E2DAFE48176DFE2D00A5C316 /* Storyboards */,
				E278217D177A25D90064278F /* Model */,
				E22A665717830644001224F7 /* MDAssetQueue.h */,
				E22A665817830644001224F7 /* MDAssetQueue.m */,
				E23B15F2178457B200888DEB /* ALAsset+MDAssetQueue.h */,
				E23B15F3178457B200888DEB /* ALAsset+MDAssetQueue.m */,
				E2E9BBB81784B6BB00C9797B /* MDAssetImageCache.h */,
				E2E9BBB91784B6BB00C9797B /* MDAssetImageCache.m */,
			);
			path = "Flickr Uploader";
			sourceTree = "<group>";
		};
		E23B9C9E1767A9A10085E174 /* Supporting Files */ = {
			isa = PBXGroup;
			children = (
				E23B9C9F1767A9A10085E174 /* Flickr Uploader-Info.plist */,
				E23B9CA01767A9A10085E174 /* InfoPlist.strings */,
				E23B9CA31767A9A10085E174 /* main.m */,
				E23B9CA51767A9A10085E174 /* Flickr Uploader-Prefix.pch */,
			);
			name = "Supporting Files";
			sourceTree = "<group>";
		};
		E23B9CBC1767A9A10085E174 /* Flickr UploaderTests */ = {
			isa = PBXGroup;
			children = (
				E23B9CC21767A9A10085E174 /* Flickr_UploaderTests.m */,
				E26C02BC17840AC500EB8300 /* MDAssetQueueTests.m */,
				E23B15F51784580900888DEB /* ALAssetCategoryMDAssetQueueTests.m */,
				E23B9CBD1767A9A10085E174 /* Supporting Files */,
				E2E9BBBE1784BD7F00C9797B /* MDAssetImageCacheTests.m */,
				E26A84E917855A7D00B2A9AB /* OCMockRecorder+ExtraMethods.h */,
				E26A84EA17855A7D00B2A9AB /* OCMockRecorder+ExtraMethods.m */,
			);
			path = "Flickr UploaderTests";
			sourceTree = "<group>";
		};
		E23B9CBD1767A9A10085E174 /* Supporting Files */ = {
			isa = PBXGroup;
			children = (
				E23B9CBE1767A9A10085E174 /* Flickr UploaderTests-Info.plist */,
				E23B9CBF1767A9A10085E174 /* InfoPlist.strings */,
			);
			name = "Supporting Files";
			sourceTree = "<group>";
		};
		E249E411177C0E9700F55D7C /* TableViewCells */ = {
			isa = PBXGroup;
			children = (
				E249E412177C0EC700F55D7C /* MDCurrentlyProcessingCell.h */,
				E249E413177C0EC700F55D7C /* MDCurrentlyProcessingCell.m */,
				E249E415177C13EE00F55D7C /* MDQueuedPictureCell4.h */,
				E249E416177C13EE00F55D7C /* MDQueuedPictureCell4.m */,
			);
			name = TableViewCells;
			sourceTree = "<group>";
		};
		E24D2B27177CC75400E4D58E /* CollectionViewCells */ = {
			isa = PBXGroup;
			children = (
			);
			name = CollectionViewCells;
			sourceTree = "<group>";
		};
		E25F80D6176EC16B00328511 /* ViewControllers */ = {
			isa = PBXGroup;
			children = (
				E2DAFE3B176DFC4000A5C316 /* MDFlickrAuthenticationViewController.h */,
				E2DAFE3C176DFC4000A5C316 /* MDFlickrAuthenticationViewController.m */,
				E2782183177A2C190064278F /* MDUploadViewController.h */,
				E2782184177A2C190064278F /* MDUploadViewController.m */,
				E24D2B24177CC73A00E4D58E /* MDUploadQueueViewController.h */,
				E24D2B25177CC73A00E4D58E /* MDUploadQueueViewController.m */,
			);
			name = ViewControllers;
			sourceTree = "<group>";
		};
		E26C031417840C9700EB8300 /* MagicalRecord */ = {
			isa = PBXGroup;
			children = (
				E26C031517840C9700EB8300 /* Categories */,
				E26C033F17840C9700EB8300 /* Core */,
				E26C034F17840C9700EB8300 /* CoreData+MagicalRecord.h */,
			);
			path = MagicalRecord;
			sourceTree = "<group>";
		};
		E26C031517840C9700EB8300 /* Categories */ = {
			isa = PBXGroup;
			children = (
				E26C031617840C9700EB8300 /* DataImport */,
				E26C032517840C9700EB8300 /* NSManagedObject */,
				E26C033017840C9700EB8300 /* NSManagedObjectContext */,
				E26C033917840C9700EB8300 /* NSManagedObjectModel+MagicalRecord.h */,
				E26C033A17840C9700EB8300 /* NSManagedObjectModel+MagicalRecord.m */,
				E26C033B17840C9700EB8300 /* NSPersistentStore+MagicalRecord.h */,
				E26C033C17840C9700EB8300 /* NSPersistentStore+MagicalRecord.m */,
				E26C033D17840C9700EB8300 /* NSPersistentStoreCoordinator+MagicalRecord.h */,
				E26C033E17840C9700EB8300 /* NSPersistentStoreCoordinator+MagicalRecord.m */,
			);
			path = Categories;
			sourceTree = "<group>";
		};
		E26C031617840C9700EB8300 /* DataImport */ = {
			isa = PBXGroup;
			children = (
				E26C031717840C9700EB8300 /* MagicalImportFunctions.h */,
				E26C031817840C9700EB8300 /* MagicalImportFunctions.m */,
				E26C031917840C9700EB8300 /* NSAttributeDescription+MagicalDataImport.h */,
				E26C031A17840C9700EB8300 /* NSAttributeDescription+MagicalDataImport.m */,
				E26C031B17840C9700EB8300 /* NSEntityDescription+MagicalDataImport.h */,
				E26C031C17840C9700EB8300 /* NSEntityDescription+MagicalDataImport.m */,
				E26C031D17840C9700EB8300 /* NSNumber+MagicalDataImport.h */,
				E26C031E17840C9700EB8300 /* NSNumber+MagicalDataImport.m */,
				E26C031F17840C9700EB8300 /* NSObject+MagicalDataImport.h */,
				E26C032017840C9700EB8300 /* NSObject+MagicalDataImport.m */,
				E26C032117840C9700EB8300 /* NSRelationshipDescription+MagicalDataImport.h */,
				E26C032217840C9700EB8300 /* NSRelationshipDescription+MagicalDataImport.m */,
				E26C032317840C9700EB8300 /* NSString+MagicalDataImport.h */,
				E26C032417840C9700EB8300 /* NSString+MagicalDataImport.m */,
			);
			path = DataImport;
			sourceTree = "<group>";
		};
		E26C032517840C9700EB8300 /* NSManagedObject */ = {
			isa = PBXGroup;
			children = (
				E26C032617840C9700EB8300 /* NSManagedObject+MagicalAggregation.h */,
				E26C032717840C9700EB8300 /* NSManagedObject+MagicalAggregation.m */,
				E26C032817840C9700EB8300 /* NSManagedObject+MagicalDataImport.h */,
				E26C032917840C9700EB8300 /* NSManagedObject+MagicalDataImport.m */,
				E26C032A17840C9700EB8300 /* NSManagedObject+MagicalFinders.h */,
				E26C032B17840C9700EB8300 /* NSManagedObject+MagicalFinders.m */,
				E26C032C17840C9700EB8300 /* NSManagedObject+MagicalRecord.h */,
				E26C032D17840C9700EB8300 /* NSManagedObject+MagicalRecord.m */,
				E26C032E17840C9700EB8300 /* NSManagedObject+MagicalRequests.h */,
				E26C032F17840C9700EB8300 /* NSManagedObject+MagicalRequests.m */,
			);
			path = NSManagedObject;
			sourceTree = "<group>";
		};
		E26C033017840C9700EB8300 /* NSManagedObjectContext */ = {
			isa = PBXGroup;
			children = (
				E26C033117840C9700EB8300 /* NSManagedObjectContext+MagicalObserving.h */,
				E26C033217840C9700EB8300 /* NSManagedObjectContext+MagicalObserving.m */,
				E26C033317840C9700EB8300 /* NSManagedObjectContext+MagicalRecord.h */,
				E26C033417840C9700EB8300 /* NSManagedObjectContext+MagicalRecord.m */,
				E26C033517840C9700EB8300 /* NSManagedObjectContext+MagicalSaves.h */,
				E26C033617840C9700EB8300 /* NSManagedObjectContext+MagicalSaves.m */,
				E26C033717840C9700EB8300 /* NSManagedObjectContext+MagicalThreading.h */,
				E26C033817840C9700EB8300 /* NSManagedObjectContext+MagicalThreading.m */,
			);
			path = NSManagedObjectContext;
			sourceTree = "<group>";
		};
		E26C033F17840C9700EB8300 /* Core */ = {
			isa = PBXGroup;
			children = (
				E26C034017840C9700EB8300 /* MagicalRecord+Actions.h */,
				E26C034117840C9700EB8300 /* MagicalRecord+Actions.m */,
				E26C034217840C9700EB8300 /* MagicalRecord+ErrorHandling.h */,
				E26C034317840C9700EB8300 /* MagicalRecord+ErrorHandling.m */,
				E26C034417840C9700EB8300 /* MagicalRecord+iCloud.h */,
				E26C034517840C9700EB8300 /* MagicalRecord+iCloud.m */,
				E26C034617840C9700EB8300 /* MagicalRecord+Options.h */,
				E26C034717840C9700EB8300 /* MagicalRecord+Options.m */,
				E26C034817840C9700EB8300 /* MagicalRecord+Setup.h */,
				E26C034917840C9700EB8300 /* MagicalRecord+Setup.m */,
				E26C034A17840C9700EB8300 /* MagicalRecord+ShorthandSupport.h */,
				E26C034B17840C9700EB8300 /* MagicalRecord+ShorthandSupport.m */,
				E26C034C17840C9700EB8300 /* MagicalRecord.h */,
				E26C034D17840C9700EB8300 /* MagicalRecord.m */,
				E26C034E17840C9700EB8300 /* MagicalRecordShorthand.h */,
			);
			path = Core;
			sourceTree = "<group>";
		};
		E278217D177A25D90064278F /* Model */ = {
			isa = PBXGroup;
			children = (
				E278217E177A267C0064278F /* Model.xcdatamodeld */,
				E2069C0C178571B300675485 /* CachedThumbnail.h */,
				E2069C0D178571B300675485 /* CachedThumbnail.m */,
				E278217A177A25C80064278F /* UploadLog.h */,
				E278217B177A25C80064278F /* UploadLog.m */,
			);
			name = Model;
			sourceTree = "<group>";
		};
		E29EAE7C177DC3990090CAD6 /* LXReorderableCollectionViewFlowLayout */ = {
			isa = PBXGroup;
			children = (
				E29EAE7D177DC3990090CAD6 /* LXReorderableCollectionViewFlowLayout.h */,
				E29EAE7E177DC3990090CAD6 /* LXReorderableCollectionViewFlowLayout.m */,
			);
			path = LXReorderableCollectionViewFlowLayout;
			sourceTree = "<group>";
		};
		E2DAFD7B176DC74800A5C316 /* RXFlickr */ = {
			isa = PBXGroup;
			children = (
				E2DAFE2B176DFC1700A5C316 /* NSData+Base64.h */,
				E2DAFE2C176DFC1700A5C316 /* NSData+Base64.m */,
				E2DAFE2D176DFC1700A5C316 /* NSString+URLEncodeString.h */,
				E2DAFE2E176DFC1700A5C316 /* NSString+URLEncodeString.m */,
				E2DAFE2F176DFC1700A5C316 /* RXFlickr.h */,
				E2DAFE30176DFC1700A5C316 /* RXFlickr.m */,
				E2DAFE31176DFC1700A5C316 /* RXFlickr+checkToken.h */,
				E2DAFE32176DFC1700A5C316 /* RXFlickr+checkToken.m */,
			);
			name = RXFlickr;
			sourceTree = "<group>";
		};
		E2DAFD91176DEA8800A5C316 /* Utilities */ = {
			isa = PBXGroup;
			children = (
				E2DAFE03176DFBF500A5C316 /* NSString+MD5.h */,
				E2DAFE04176DFBF500A5C316 /* NSString+MD5.m */,
			);
			name = Utilities;
			sourceTree = "<group>";
		};
		E2DAFDB8176DF1DF00A5C316 /* json-framework */ = {
			isa = PBXGroup;
			children = (
				E2DAFE06176DFC0600A5C316 /* NSObject+SBJson.h */,
				E2DAFE07176DFC0600A5C316 /* NSObject+SBJson.m */,
				E2DAFE08176DFC0600A5C316 /* SBJson.h */,
				E2DAFE09176DFC0600A5C316 /* SBJsonParser.h */,
				E2DAFE0A176DFC0600A5C316 /* SBJsonParser.m */,
				E2DAFE0B176DFC0600A5C316 /* SBJsonStreamParser.h */,
				E2DAFE0C176DFC0600A5C316 /* SBJsonStreamParser.m */,
				E2DAFE0D176DFC0600A5C316 /* SBJsonStreamParserAccumulator.h */,
				E2DAFE0E176DFC0600A5C316 /* SBJsonStreamParserAccumulator.m */,
				E2DAFE0F176DFC0600A5C316 /* SBJsonStreamParserAdapter.h */,
				E2DAFE10176DFC0600A5C316 /* SBJsonStreamParserAdapter.m */,
				E2DAFE11176DFC0600A5C316 /* SBJsonStreamParserState.h */,
				E2DAFE12176DFC0600A5C316 /* SBJsonStreamParserState.m */,
				E2DAFE13176DFC0600A5C316 /* SBJsonStreamWriter.h */,
				E2DAFE14176DFC0600A5C316 /* SBJsonStreamWriter.m */,
				E2DAFE15176DFC0600A5C316 /* SBJsonStreamWriterAccumulator.h */,
				E2DAFE16176DFC0600A5C316 /* SBJsonStreamWriterAccumulator.m */,
				E2DAFE17176DFC0600A5C316 /* SBJsonStreamWriterState.h */,
				E2DAFE18176DFC0600A5C316 /* SBJsonStreamWriterState.m */,
				E2DAFE19176DFC0600A5C316 /* SBJsonTokeniser.h */,
				E2DAFE1A176DFC0600A5C316 /* SBJsonTokeniser.m */,
				E2DAFE1B176DFC0600A5C316 /* SBJsonUTF8Stream.h */,
				E2DAFE1C176DFC0600A5C316 /* SBJsonUTF8Stream.m */,
				E2DAFE1D176DFC0600A5C316 /* SBJsonWriter.h */,
				E2DAFE1E176DFC0600A5C316 /* SBJsonWriter.m */,
			);
			path = "json-framework";
			sourceTree = "<group>";
		};
		E2DAFE48176DFE2D00A5C316 /* Storyboards */ = {
			isa = PBXGroup;
			children = (
				E2DAFE46176DFE2700A5C316 /* iPhone.storyboard */,
			);
			name = Storyboards;
			sourceTree = "<group>";
		};
/* End PBXGroup section */

/* Begin PBXNativeTarget section */
		E23B9C931767A9A10085E174 /* Flickr Uploader */ = {
			isa = PBXNativeTarget;
			buildConfigurationList = E23B9CC61767A9A10085E174 /* Build configuration list for PBXNativeTarget "Flickr Uploader" */;
			buildPhases = (
				E23B9C901767A9A10085E174 /* Sources */,
				E23B9C911767A9A10085E174 /* Frameworks */,
				E23B9C921767A9A10085E174 /* Resources */,
			);
			buildRules = (
			);
			dependencies = (
			);
			name = "Flickr Uploader";
			productName = "Flickr Uploader";
			productReference = E23B9C941767A9A10085E174 /* Flickr Uploader.app */;
			productType = "com.apple.product-type.application";
		};
		E23B9CB41767A9A10085E174 /* Flickr UploaderTests */ = {
			isa = PBXNativeTarget;
			buildConfigurationList = E23B9CC91767A9A10085E174 /* Build configuration list for PBXNativeTarget "Flickr UploaderTests" */;
			buildPhases = (
				E23B9CB11767A9A10085E174 /* Sources */,
				E23B9CB21767A9A10085E174 /* Frameworks */,
				E23B9CB31767A9A10085E174 /* Resources */,
			);
			buildRules = (
			);
			dependencies = (
				E23B9CBB1767A9A10085E174 /* PBXTargetDependency */,
			);
			name = "Flickr UploaderTests";
			productName = "Flickr UploaderTests";
			productReference = E23B9CB51767A9A10085E174 /* Flickr UploaderTests.xctest */;
			productType = "com.apple.product-type.bundle.unit-test";
		};
/* End PBXNativeTarget section */

/* Begin PBXProject section */
		E23B9C8C1767A9A10085E174 /* Project object */ = {
			isa = PBXProject;
			attributes = {
				CLASSPREFIX = MD;
				LastUpgradeCheck = 0500;
				ORGANIZATIONNAME = "SIA MONTA DIGITAL";
				TargetAttributes = {
					E23B9C931767A9A10085E174 = {
						DevelopmentTeam = 9ERKGD72DT;
					};
					E23B9CB41767A9A10085E174 = {
						TestTargetID = E23B9C931767A9A10085E174;
					};
				};
			};
			buildConfigurationList = E23B9C8F1767A9A10085E174 /* Build configuration list for PBXProject "Flickr Uploader" */;
			compatibilityVersion = "Xcode 3.2";
			developmentRegion = English;
			hasScannedForEncodings = 0;
			knownRegions = (
				en,
				Base,
			);
			mainGroup = E23B9C8B1767A9A10085E174;
			productRefGroup = E23B9C951767A9A10085E174 /* Products */;
			projectDirPath = "";
			projectRoot = "";
			targets = (
				E23B9C931767A9A10085E174 /* Flickr Uploader */,
				E23B9CB41767A9A10085E174 /* Flickr UploaderTests */,
			);
		};
/* End PBXProject section */

/* Begin PBXResourcesBuildPhase section */
		E23B9C921767A9A10085E174 /* Resources */ = {
			isa = PBXResourcesBuildPhase;
			buildActionMask = 2147483647;
			files = (
				E23B9CB01767A9A10085E174 /* Images.xcassets in Resources */,
				E2DAFE47176DFE2700A5C316 /* iPhone.storyboard in Resources */,
				E23B9CA21767A9A10085E174 /* InfoPlist.strings in Resources */,
			);
			runOnlyForDeploymentPostprocessing = 0;
		};
		E23B9CB31767A9A10085E174 /* Resources */ = {
			isa = PBXResourcesBuildPhase;
			buildActionMask = 2147483647;
			files = (
				E23B9CC11767A9A10085E174 /* InfoPlist.strings in Resources */,
			);
			runOnlyForDeploymentPostprocessing = 0;
		};
/* End PBXResourcesBuildPhase section */

/* Begin PBXSourcesBuildPhase section */
		E23B9C901767A9A10085E174 /* Sources */ = {
			isa = PBXSourcesBuildPhase;
			buildActionMask = 2147483647;
			files = (
				E26C037017840C9700EB8300 /* NSManagedObjectModel+MagicalRecord.m in Sources */,
				E2DAFE33176DFC1700A5C316 /* NSData+Base64.m in Sources */,
				E2DAFE27176DFC0600A5C316 /* SBJsonStreamWriterState.m in Sources */,
				E2DAFE21176DFC0600A5C316 /* SBJsonStreamParser.m in Sources */,
				E2DAFE40176DFC4000A5C316 /* MDAppDelegate.m in Sources */,
				E22A665917830644001224F7 /* MDAssetQueue.m in Sources */,
				E2DAFE1F176DFC0600A5C316 /* NSObject+SBJson.m in Sources */,
				E26C035017840C9700EB8300 /* MagicalImportFunctions.m in Sources */,
				E2DAFE05176DFBF500A5C316 /* NSString+MD5.m in Sources */,
				E26C036217840C9700EB8300 /* NSManagedObject+MagicalFinders.m in Sources */,
				E2DAFE36176DFC1700A5C316 /* RXFlickr+checkToken.m in Sources */,
				E23B15F4178457B200888DEB /* ALAsset+MDAssetQueue.m in Sources */,
				E23B9CA41767A9A10085E174 /* main.m in Sources */,
				E26C036417840C9700EB8300 /* NSManagedObject+MagicalRecord.m in Sources */,
				E26C037A17840C9700EB8300 /* MagicalRecord+iCloud.m in Sources */,
				E29EAE7F177DC3990090CAD6 /* LXReorderableCollectionViewFlowLayout.m in Sources */,
				E26C037E17840C9700EB8300 /* MagicalRecord+Setup.m in Sources */,
				E26C035617840C9700EB8300 /* NSNumber+MagicalDataImport.m in Sources */,
				E26C036017840C9700EB8300 /* NSManagedObject+MagicalDataImport.m in Sources */,
				E26C037C17840C9700EB8300 /* MagicalRecord+Options.m in Sources */,
				E26C036A17840C9700EB8300 /* NSManagedObjectContext+MagicalRecord.m in Sources */,
				E2DAFE3F176DFC4000A5C316 /* ARCKeychainGenericPasswordWrapper.m in Sources */,
				E26C035217840C9700EB8300 /* NSAttributeDescription+MagicalDataImport.m in Sources */,
				E26C036C17840C9700EB8300 /* NSManagedObjectContext+MagicalSaves.m in Sources */,
				E2DAFE25176DFC0600A5C316 /* SBJsonStreamWriter.m in Sources */,
				E2DAFE34176DFC1700A5C316 /* NSString+URLEncodeString.m in Sources */,
				E2DAFE26176DFC0600A5C316 /* SBJsonStreamWriterAccumulator.m in Sources */,
				E26C035E17840C9700EB8300 /* NSManagedObject+MagicalAggregation.m in Sources */,
				E2DAFE29176DFC0600A5C316 /* SBJsonUTF8Stream.m in Sources */,
				E2DAFE28176DFC0600A5C316 /* SBJsonTokeniser.m in Sources */,
				E2E9BBBA1784B6BB00C9797B /* MDAssetImageCache.m in Sources */,
				E24D2B26177CC73A00E4D58E /* MDUploadQueueViewController.m in Sources */,
				E26C035C17840C9700EB8300 /* NSString+MagicalDataImport.m in Sources */,
				E26C035417840C9700EB8300 /* NSEntityDescription+MagicalDataImport.m in Sources */,
				E249E417177C13EE00F55D7C /* MDQueuedPictureCell4.m in Sources */,
				E26C036E17840C9700EB8300 /* NSManagedObjectContext+MagicalThreading.m in Sources */,
				E2DAFE2A176DFC0600A5C316 /* SBJsonWriter.m in Sources */,
				E26C036617840C9700EB8300 /* NSManagedObject+MagicalRequests.m in Sources */,
				E2DAFE41176DFC4000A5C316 /* MDFlickrAuthenticationViewController.m in Sources */,
				E278217C177A25C80064278F /* UploadLog.m in Sources */,
				E2069C0E178571B300675485 /* CachedThumbnail.m in Sources */,
				E2DAFE35176DFC1700A5C316 /* RXFlickr.m in Sources */,
				E26C038217840C9700EB8300 /* MagicalRecord.m in Sources */,
				E26C036817840C9700EB8300 /* NSManagedObjectContext+MagicalObserving.m in Sources */,
				E2DAFE20176DFC0600A5C316 /* SBJsonParser.m in Sources */,
				E26C037817840C9700EB8300 /* MagicalRecord+ErrorHandling.m in Sources */,
				E2DAFE42176DFC4000A5C316 /* MDOAuthToken.m in Sources */,
				E2DAFE23176DFC0600A5C316 /* SBJsonStreamParserAdapter.m in Sources */,
				E26C038017840C9700EB8300 /* MagicalRecord+ShorthandSupport.m in Sources */,
				E26C035817840C9700EB8300 /* NSObject+MagicalDataImport.m in Sources */,
				E26C037217840C9700EB8300 /* NSPersistentStore+MagicalRecord.m in Sources */,
				E2782180177A267C0064278F /* Model.xcdatamodeld in Sources */,
				E249E414177C0EC700F55D7C /* MDCurrentlyProcessingCell.m in Sources */,
				E26C037417840C9700EB8300 /* NSPersistentStoreCoordinator+MagicalRecord.m in Sources */,
				E2DAFE24176DFC0600A5C316 /* SBJsonStreamParserState.m in Sources */,
				E26C035A17840C9700EB8300 /* NSRelationshipDescription+MagicalDataImport.m in Sources */,
				E2782185177A2C190064278F /* MDUploadViewController.m in Sources */,
				E2DAFE22176DFC0600A5C316 /* SBJsonStreamParserAccumulator.m in Sources */,
				E26C037617840C9700EB8300 /* MagicalRecord+Actions.m in Sources */,
			);
			runOnlyForDeploymentPostprocessing = 0;
		};
		E23B9CB11767A9A10085E174 /* Sources */ = {
			isa = PBXSourcesBuildPhase;
			buildActionMask = 2147483647;
			files = (
				E23B9CC31767A9A10085E174 /* Flickr_UploaderTests.m in Sources */,
				E26C02BD17840AC500EB8300 /* MDAssetQueueTests.m in Sources */,
				E26A84EB17855A7D00B2A9AB /* OCMockRecorder+ExtraMethods.m in Sources */,
				E2E9BBBF1784BD7F00C9797B /* MDAssetImageCacheTests.m in Sources */,
				E23B15F61784580900888DEB /* ALAssetCategoryMDAssetQueueTests.m in Sources */,
			);
			runOnlyForDeploymentPostprocessing = 0;
		};
/* End PBXSourcesBuildPhase section */

/* Begin PBXTargetDependency section */
		E23B9CBB1767A9A10085E174 /* PBXTargetDependency */ = {
			isa = PBXTargetDependency;
			target = E23B9C931767A9A10085E174 /* Flickr Uploader */;
			targetProxy = E23B9CBA1767A9A10085E174 /* PBXContainerItemProxy */;
		};
/* End PBXTargetDependency section */

/* Begin PBXVariantGroup section */
		E23B9CA01767A9A10085E174 /* InfoPlist.strings */ = {
			isa = PBXVariantGroup;
			children = (
				E23B9CA11767A9A10085E174 /* en */,
			);
			name = InfoPlist.strings;
			sourceTree = "<group>";
		};
		E23B9CBF1767A9A10085E174 /* InfoPlist.strings */ = {
			isa = PBXVariantGroup;
			children = (
				E23B9CC01767A9A10085E174 /* en */,
			);
			name = InfoPlist.strings;
			sourceTree = "<group>";
		};
/* End PBXVariantGroup section */

/* Begin XCBuildConfiguration section */
		E23B9CC41767A9A10085E174 /* Debug */ = {
			isa = XCBuildConfiguration;
			buildSettings = {
				ALWAYS_SEARCH_USER_PATHS = NO;
				CLANG_CXX_LANGUAGE_STANDARD = "gnu++0x";
				CLANG_CXX_LIBRARY = "libc++";
				CLANG_ENABLE_MODULES = YES;
				CLANG_ENABLE_OBJC_ARC = YES;
				CLANG_WARN_BOOL_CONVERSION = YES;
				CLANG_WARN_CONSTANT_CONVERSION = YES;
				CLANG_WARN_DIRECT_OBJC_ISA_USAGE = YES_ERROR;
				CLANG_WARN_EMPTY_BODY = YES;
				CLANG_WARN_ENUM_CONVERSION = YES;
				CLANG_WARN_INT_CONVERSION = YES;
				CLANG_WARN_OBJC_ROOT_CLASS = YES_ERROR;
				CLANG_WARN__DUPLICATE_METHOD_MATCH = YES;
				"CODE_SIGN_IDENTITY[sdk=iphoneos*]" = "iPhone Developer";
				COPY_PHASE_STRIP = NO;
				GCC_C_LANGUAGE_STANDARD = gnu99;
				GCC_DYNAMIC_NO_PIC = NO;
				GCC_OPTIMIZATION_LEVEL = 0;
				GCC_PREPROCESSOR_DEFINITIONS = (
					"DEBUG=1",
					"$(inherited)",
				);
				GCC_SYMBOLS_PRIVATE_EXTERN = NO;
				GCC_WARN_ABOUT_RETURN_TYPE = YES_ERROR;
				GCC_WARN_UNDECLARED_SELECTOR = YES;
				GCC_WARN_UNINITIALIZED_AUTOS = YES;
				GCC_WARN_UNUSED_FUNCTION = YES;
				GCC_WARN_UNUSED_VARIABLE = YES;
				IPHONEOS_DEPLOYMENT_TARGET = 7.0;
				ONLY_ACTIVE_ARCH = YES;
				SDKROOT = iphoneos;
			};
			name = Debug;
		};
		E23B9CC51767A9A10085E174 /* Release */ = {
			isa = XCBuildConfiguration;
			buildSettings = {
				ALWAYS_SEARCH_USER_PATHS = NO;
				CLANG_CXX_LANGUAGE_STANDARD = "gnu++0x";
				CLANG_CXX_LIBRARY = "libc++";
				CLANG_ENABLE_MODULES = YES;
				CLANG_ENABLE_OBJC_ARC = YES;
				CLANG_WARN_BOOL_CONVERSION = YES;
				CLANG_WARN_CONSTANT_CONVERSION = YES;
				CLANG_WARN_DIRECT_OBJC_ISA_USAGE = YES_ERROR;
				CLANG_WARN_EMPTY_BODY = YES;
				CLANG_WARN_ENUM_CONVERSION = YES;
				CLANG_WARN_INT_CONVERSION = YES;
				CLANG_WARN_OBJC_ROOT_CLASS = YES_ERROR;
				CLANG_WARN__DUPLICATE_METHOD_MATCH = YES;
				"CODE_SIGN_IDENTITY[sdk=iphoneos*]" = "iPhone Developer";
				COPY_PHASE_STRIP = YES;
				ENABLE_NS_ASSERTIONS = NO;
				GCC_C_LANGUAGE_STANDARD = gnu99;
				GCC_WARN_ABOUT_RETURN_TYPE = YES_ERROR;
				GCC_WARN_UNDECLARED_SELECTOR = YES;
				GCC_WARN_UNINITIALIZED_AUTOS = YES;
				GCC_WARN_UNUSED_FUNCTION = YES;
				GCC_WARN_UNUSED_VARIABLE = YES;
				IPHONEOS_DEPLOYMENT_TARGET = 7.0;
				SDKROOT = iphoneos;
				VALIDATE_PRODUCT = YES;
			};
			name = Release;
		};
		E23B9CC71767A9A10085E174 /* Debug */ = {
			isa = XCBuildConfiguration;
			buildSettings = {
				ASSETCATALOG_COMPILER_APPICON_NAME = AppIcon;
				ASSETCATALOG_COMPILER_LAUNCHIMAGE_NAME = LaunchImage;
				CLANG_ENABLE_OBJC_ARC = YES;
				CODE_SIGN_IDENTITY = "iPhone Developer: Andris Veinbergs (DQT397NW9C)";
				FRAMEWORK_SEARCH_PATHS = (
					"$(inherited)",
					"$(SRCROOT)",
				);
				GCC_PRECOMPILE_PREFIX_HEADER = YES;
				GCC_PREFIX_HEADER = "Flickr Uploader/Flickr Uploader-Prefix.pch";
				GCC_WARN_UNDECLARED_SELECTOR = NO;
				INFOPLIST_FILE = "Flickr Uploader/Flickr Uploader-Info.plist";
				PRODUCT_NAME = "$(TARGET_NAME)";
				WRAPPER_EXTENSION = app;
			};
			name = Debug;
		};
		E23B9CC81767A9A10085E174 /* Release */ = {
			isa = XCBuildConfiguration;
			buildSettings = {
				ASSETCATALOG_COMPILER_APPICON_NAME = AppIcon;
				ASSETCATALOG_COMPILER_LAUNCHIMAGE_NAME = LaunchImage;
				CLANG_ENABLE_OBJC_ARC = YES;
				CODE_SIGN_IDENTITY = "iPhone Developer: Andris Veinbergs (DQT397NW9C)";
				FRAMEWORK_SEARCH_PATHS = (
					"$(inherited)",
					"$(SRCROOT)",
				);
				GCC_PRECOMPILE_PREFIX_HEADER = YES;
				GCC_PREFIX_HEADER = "Flickr Uploader/Flickr Uploader-Prefix.pch";
				GCC_WARN_UNDECLARED_SELECTOR = NO;
				INFOPLIST_FILE = "Flickr Uploader/Flickr Uploader-Info.plist";
				PRODUCT_NAME = "$(TARGET_NAME)";
				WRAPPER_EXTENSION = app;
			};
			name = Release;
		};
		E23B9CCA1767A9A10085E174 /* Debug */ = {
			isa = XCBuildConfiguration;
			buildSettings = {
				ALWAYS_SEARCH_USER_PATHS = YES;
				BUNDLE_LOADER = "$(BUILT_PRODUCTS_DIR)/Flickr Uploader.app/Flickr Uploader";
				FRAMEWORK_SEARCH_PATHS = (
					"$(SDKROOT)/Developer/Library/Frameworks",
					"$(inherited)",
					"$(SYSTEM_APPS_DIR)/Xcode5-DP.app/Contents/Developer/Library/Frameworks",
				);
				GCC_PRECOMPILE_PREFIX_HEADER = YES;
				GCC_PREFIX_HEADER = "Flickr Uploader/Flickr Uploader-Prefix.pch";
				GCC_PREPROCESSOR_DEFINITIONS = (
					"DEBUG=1",
					"$(inherited)",
				);
				HEADER_SEARCH_PATHS = "\"$(SRCROOT)/usr/include\"";
				INFOPLIST_FILE = "Flickr UploaderTests/Flickr UploaderTests-Info.plist";
				LIBRARY_SEARCH_PATHS = (
					"$(inherited)",
					"$(SRCROOT)/usr/lib",
				);
				OTHER_LDFLAGS = (
					"$(inherited)",
					"-framework",
					XCTest,
					"-ObjC",
					"-force_load",
					"\"$(SRCROOT)/usr/lib/libOCMock.a\"",
				);
				PRODUCT_NAME = "$(TARGET_NAME)";
				TEST_HOST = "$(BUNDLE_LOADER)";
				USER_HEADER_SEARCH_PATHS = "";
				WRAPPER_EXTENSION = xctest;
			};
			name = Debug;
		};
		E23B9CCB1767A9A10085E174 /* Release */ = {
			isa = XCBuildConfiguration;
			buildSettings = {
				ALWAYS_SEARCH_USER_PATHS = YES;
				BUNDLE_LOADER = "$(BUILT_PRODUCTS_DIR)/Flickr Uploader.app/Flickr Uploader";
				FRAMEWORK_SEARCH_PATHS = (
					"$(SDKROOT)/Developer/Library/Frameworks",
					"$(inherited)",
					"$(SYSTEM_APPS_DIR)/Xcode5-DP.app/Contents/Developer/Library/Frameworks",
				);
				GCC_PRECOMPILE_PREFIX_HEADER = YES;
				GCC_PREFIX_HEADER = "Flickr Uploader/Flickr Uploader-Prefix.pch";
				HEADER_SEARCH_PATHS = "\"$(SRCROOT)/usr/include\"";
				INFOPLIST_FILE = "Flickr UploaderTests/Flickr UploaderTests-Info.plist";
				LIBRARY_SEARCH_PATHS = (
					"$(inherited)",
					"$(SRCROOT)/usr/lib",
				);
				OTHER_LDFLAGS = (
					"$(inherited)",
					"-framework",
					XCTest,
					"-ObjC",
					"-force_load",
					"\"$(SRCROOT)/usr/lib/libOCMock.a\"",
				);
				PRODUCT_NAME = "$(TARGET_NAME)";
				TEST_HOST = "$(BUNDLE_LOADER)";
				USER_HEADER_SEARCH_PATHS = "";
				WRAPPER_EXTENSION = xctest;
			};
			name = Release;
		};
/* End XCBuildConfiguration section */

/* Begin XCConfigurationList section */
		E23B9C8F1767A9A10085E174 /* Build configuration list for PBXProject "Flickr Uploader" */ = {
			isa = XCConfigurationList;
			buildConfigurations = (
				E23B9CC41767A9A10085E174 /* Debug */,
				E23B9CC51767A9A10085E174 /* Release */,
			);
			defaultConfigurationIsVisible = 0;
			defaultConfigurationName = Release;
		};
		E23B9CC61767A9A10085E174 /* Build configuration list for PBXNativeTarget "Flickr Uploader" */ = {
			isa = XCConfigurationList;
			buildConfigurations = (
				E23B9CC71767A9A10085E174 /* Debug */,
				E23B9CC81767A9A10085E174 /* Release */,
			);
			defaultConfigurationIsVisible = 0;
			defaultConfigurationName = Release;
		};
		E23B9CC91767A9A10085E174 /* Build configuration list for PBXNativeTarget "Flickr UploaderTests" */ = {
			isa = XCConfigurationList;
			buildConfigurations = (
				E23B9CCA1767A9A10085E174 /* Debug */,
				E23B9CCB1767A9A10085E174 /* Release */,
			);
			defaultConfigurationIsVisible = 0;
			defaultConfigurationName = Release;
		};
/* End XCConfigurationList section */

/* Begin XCVersionGroup section */
		E278217E177A267C0064278F /* Model.xcdatamodeld */ = {
			isa = XCVersionGroup;
			children = (
				E278217F177A267C0064278F /* Model.xcdatamodel */,
			);
			currentVersion = E278217F177A267C0064278F /* Model.xcdatamodel */;
			name = Model.xcdatamodeld;
			path = Model/Model.xcdatamodeld;
			sourceTree = "<group>";
			versionGroupType = wrapper.xcdatamodel;
		};
/* End XCVersionGroup section */
	};
	rootObject = E23B9C8C1767A9A10085E174 /* Project object */;
}
