// !$*UTF8*$!
{
	archiveVersion = 1;
	classes = {
	};
	objectVersion = 46;
	objects = {

/* Begin PBXBuildFile section */
		E24AAC4E17207F79005A712C /* UIKit.framework in Frameworks */ = {isa = PBXBuildFile; fileRef = E24AAC4D17207F79005A712C /* UIKit.framework */; };
		E24AAC5217207F79005A712C /* CoreGraphics.framework in Frameworks */ = {isa = PBXBuildFile; fileRef = E24AAC5117207F79005A712C /* CoreGraphics.framework */; };
		E24AAC5817207F79005A712C /* InfoPlist.strings in Resources */ = {isa = PBXBuildFile; fileRef = E24AAC5617207F79005A712C /* InfoPlist.strings */; };
		E24AAC5A17207F79005A712C /* main.m in Sources */ = {isa = PBXBuildFile; fileRef = E24AAC5917207F79005A712C /* main.m */; };
		E24AAC5E17207F79005A712C /* MDAppDelegate.m in Sources */ = {isa = PBXBuildFile; fileRef = E24AAC5D17207F79005A712C /* MDAppDelegate.m */; };
		E24AAC6017207F79005A712C /* Default.png in Resources */ = {isa = PBXBuildFile; fileRef = E24AAC5F17207F79005A712C /* Default.png */; };
		E24AAC6217207F79005A712C /* Default@2x.png in Resources */ = {isa = PBXBuildFile; fileRef = E24AAC6117207F79005A712C /* Default@2x.png */; };
		E24AAC6417207F79005A712C /* Default-568h@2x.png in Resources */ = {isa = PBXBuildFile; fileRef = E24AAC6317207F79005A712C /* Default-568h@2x.png */; };
		E2838A871721506700BA4F00 /* libzbar.a in Frameworks */ = {isa = PBXBuildFile; fileRef = E2838A811721506700BA4F00 /* libzbar.a */; };
		E2838A881721506700BA4F00 /* zbar-back.png in Resources */ = {isa = PBXBuildFile; fileRef = E2838A831721506700BA4F00 /* zbar-back.png */; };
		E2838A891721506700BA4F00 /* zbar-help.html in Resources */ = {isa = PBXBuildFile; fileRef = E2838A841721506700BA4F00 /* zbar-help.html */; };
		E2838A8A1721506700BA4F00 /* zbar-helpicons.png in Resources */ = {isa = PBXBuildFile; fileRef = E2838A851721506700BA4F00 /* zbar-helpicons.png */; };
		E2838A8B1721506700BA4F00 /* zbar-samples.png in Resources */ = {isa = PBXBuildFile; fileRef = E2838A861721506700BA4F00 /* zbar-samples.png */; };
		E2838A8D1721510B00BA4F00 /* MainStoryboard.storyboard in Resources */ = {isa = PBXBuildFile; fileRef = E2838A8C1721510B00BA4F00 /* MainStoryboard.storyboard */; };
		E2838A951721516D00BA4F00 /* AVFoundation.framework in Frameworks */ = {isa = PBXBuildFile; fileRef = E2838A901721516D00BA4F00 /* AVFoundation.framework */; };
		E2838A961721516D00BA4F00 /* CoreMedia.framework in Frameworks */ = {isa = PBXBuildFile; fileRef = E2838A911721516D00BA4F00 /* CoreMedia.framework */; };
		E2838A971721516D00BA4F00 /* CoreVideo.framework in Frameworks */ = {isa = PBXBuildFile; fileRef = E2838A921721516D00BA4F00 /* CoreVideo.framework */; };
		E2838A981721516D00BA4F00 /* libiconv.dylib in Frameworks */ = {isa = PBXBuildFile; fileRef = E2838A931721516D00BA4F00 /* libiconv.dylib */; };
		E2838A991721516D00BA4F00 /* QuartzCore.framework in Frameworks */ = {isa = PBXBuildFile; fileRef = E2838A941721516D00BA4F00 /* QuartzCore.framework */; };
		E2838A9A172152C500BA4F00 /* MDViewController.h in Sources */ = {isa = PBXBuildFile; fileRef = E2838A8E1721511300BA4F00 /* MDViewController.h */; };
		E2838A9B172152C500BA4F00 /* MDViewController.m in Sources */ = {isa = PBXBuildFile; fileRef = E2838A8F1721511300BA4F00 /* MDViewController.m */; };
		E2838ABF172153EA00BA4F00 /* base64.m in Sources */ = {isa = PBXBuildFile; fileRef = E2838AB8172153EA00BA4F00 /* base64.m */; };
		E2838AC0172153EA00BA4F00 /* NSData+SRB64Additions.m in Sources */ = {isa = PBXBuildFile; fileRef = E2838ABB172153EA00BA4F00 /* NSData+SRB64Additions.m */; };
		E2838AC1172153EA00BA4F00 /* SRWebSocket.m in Sources */ = {isa = PBXBuildFile; fileRef = E2838ABE172153EA00BA4F00 /* SRWebSocket.m */; };
		E2838AC31721540700BA4F00 /* libicucore.dylib in Frameworks */ = {isa = PBXBuildFile; fileRef = E2838AC21721540700BA4F00 /* libicucore.dylib */; };
		E2838AC51721540D00BA4F00 /* CFNetwork.framework in Frameworks */ = {isa = PBXBuildFile; fileRef = E2838AC41721540D00BA4F00 /* CFNetwork.framework */; };
		E2838AC71721541200BA4F00 /* Security.framework in Frameworks */ = {isa = PBXBuildFile; fileRef = E2838AC61721541200BA4F00 /* Security.framework */; };
		E2838AC9172154B900BA4F00 /* Foundation.framework in Frameworks */ = {isa = PBXBuildFile; fileRef = E2838AC8172154B900BA4F00 /* Foundation.framework */; };
		E2838ACD17215B9300BA4F00 /* DDPClient.m in Sources */ = {isa = PBXBuildFile; fileRef = E2838ACC17215B9300BA4F00 /* DDPClient.m */; };
		E2838ACE17215F7500BA4F00 /* NSObject+SBJson.m in Sources */ = {isa = PBXBuildFile; fileRef = E2838A9F1721537F00BA4F00 /* NSObject+SBJson.m */; };
		E2838ACF17215F7500BA4F00 /* SBJsonParser.m in Sources */ = {isa = PBXBuildFile; fileRef = E2838AA21721537F00BA4F00 /* SBJsonParser.m */; };
		E2838AD017215F7500BA4F00 /* SBJsonStreamParser.m in Sources */ = {isa = PBXBuildFile; fileRef = E2838AA41721537F00BA4F00 /* SBJsonStreamParser.m */; };
		E2838AD117215F7500BA4F00 /* SBJsonStreamParserAccumulator.m in Sources */ = {isa = PBXBuildFile; fileRef = E2838AA61721537F00BA4F00 /* SBJsonStreamParserAccumulator.m */; };
		E2838AD217215F7500BA4F00 /* SBJsonStreamParserAdapter.m in Sources */ = {isa = PBXBuildFile; fileRef = E2838AA81721537F00BA4F00 /* SBJsonStreamParserAdapter.m */; };
		E2838AD317215F7500BA4F00 /* SBJsonStreamParserState.m in Sources */ = {isa = PBXBuildFile; fileRef = E2838AAA1721537F00BA4F00 /* SBJsonStreamParserState.m */; };
		E2838AD417215F7500BA4F00 /* SBJsonStreamWriter.m in Sources */ = {isa = PBXBuildFile; fileRef = E2838AAC1721537F00BA4F00 /* SBJsonStreamWriter.m */; };
		E2838AD517215F7500BA4F00 /* SBJsonStreamWriterAccumulator.m in Sources */ = {isa = PBXBuildFile; fileRef = E2838AAE1721537F00BA4F00 /* SBJsonStreamWriterAccumulator.m */; };
		E2838AD617215F7500BA4F00 /* SBJsonStreamWriterState.m in Sources */ = {isa = PBXBuildFile; fileRef = E2838AB01721537F00BA4F00 /* SBJsonStreamWriterState.m */; };
		E2838AD717215F7500BA4F00 /* SBJsonTokeniser.m in Sources */ = {isa = PBXBuildFile; fileRef = E2838AB21721537F00BA4F00 /* SBJsonTokeniser.m */; };
		E2838AD817215F7500BA4F00 /* SBJsonUTF8Stream.m in Sources */ = {isa = PBXBuildFile; fileRef = E2838AB41721537F00BA4F00 /* SBJsonUTF8Stream.m */; };
		E2838AD917215F7500BA4F00 /* SBJsonWriter.m in Sources */ = {isa = PBXBuildFile; fileRef = E2838AB61721537F00BA4F00 /* SBJsonWriter.m */; };
		E2EFD1E91721E2EE00D0139F /* IIViewDeckController.m in Sources */ = {isa = PBXBuildFile; fileRef = E2EFD1E51721E2EE00D0139F /* IIViewDeckController.m */; };
		E2EFD1EF1721E39C00D0139F /* IISideController.m in Sources */ = {isa = PBXBuildFile; fileRef = E2EFD1EC1721E39C00D0139F /* IISideController.m */; };
		E2EFD1F01721E39C00D0139F /* IIWrapController.m in Sources */ = {isa = PBXBuildFile; fileRef = E2EFD1EE1721E39C00D0139F /* IIWrapController.m */; };
		E2EFD1F31721E52500D0139F /* MDLeftMenuViewController.m in Sources */ = {isa = PBXBuildFile; fileRef = E2EFD1F21721E52500D0139F /* MDLeftMenuViewController.m */; };
/* End PBXBuildFile section */

/* Begin PBXFileReference section */
		E24AAC4A17207F79005A712C /* shopapp.app */ = {isa = PBXFileReference; explicitFileType = wrapper.application; includeInIndex = 0; path = shopapp.app; sourceTree = BUILT_PRODUCTS_DIR; };
		E24AAC4D17207F79005A712C /* UIKit.framework */ = {isa = PBXFileReference; lastKnownFileType = wrapper.framework; name = UIKit.framework; path = System/Library/Frameworks/UIKit.framework; sourceTree = SDKROOT; };
		E24AAC5117207F79005A712C /* CoreGraphics.framework */ = {isa = PBXFileReference; lastKnownFileType = wrapper.framework; name = CoreGraphics.framework; path = System/Library/Frameworks/CoreGraphics.framework; sourceTree = SDKROOT; };
		E24AAC5517207F79005A712C /* shopapp-Info.plist */ = {isa = PBXFileReference; lastKnownFileType = text.plist.xml; path = "shopapp-Info.plist"; sourceTree = "<group>"; };
		E24AAC5717207F79005A712C /* en */ = {isa = PBXFileReference; lastKnownFileType = text.plist.strings; name = en; path = en.lproj/InfoPlist.strings; sourceTree = "<group>"; };
		E24AAC5917207F79005A712C /* main.m */ = {isa = PBXFileReference; lastKnownFileType = sourcecode.c.objc; path = main.m; sourceTree = "<group>"; };
		E24AAC5B17207F79005A712C /* shopapp-Prefix.pch */ = {isa = PBXFileReference; lastKnownFileType = sourcecode.c.h; path = "shopapp-Prefix.pch"; sourceTree = "<group>"; };
		E24AAC5C17207F79005A712C /* MDAppDelegate.h */ = {isa = PBXFileReference; lastKnownFileType = sourcecode.c.h; path = MDAppDelegate.h; sourceTree = "<group>"; };
		E24AAC5D17207F79005A712C /* MDAppDelegate.m */ = {isa = PBXFileReference; lastKnownFileType = sourcecode.c.objc; path = MDAppDelegate.m; sourceTree = "<group>"; };
		E24AAC5F17207F79005A712C /* Default.png */ = {isa = PBXFileReference; lastKnownFileType = image.png; path = Default.png; sourceTree = "<group>"; };
		E24AAC6117207F79005A712C /* Default@2x.png */ = {isa = PBXFileReference; lastKnownFileType = image.png; path = "Default@2x.png"; sourceTree = "<group>"; };
		E24AAC6317207F79005A712C /* Default-568h@2x.png */ = {isa = PBXFileReference; lastKnownFileType = image.png; path = "Default-568h@2x.png"; sourceTree = "<group>"; };
		E2838A6D1721506700BA4F00 /* Decoder.h */ = {isa = PBXFileReference; fileEncoding = 4; lastKnownFileType = sourcecode.c.h; path = Decoder.h; sourceTree = "<group>"; };
		E2838A6E1721506700BA4F00 /* Exception.h */ = {isa = PBXFileReference; fileEncoding = 4; lastKnownFileType = sourcecode.c.h; path = Exception.h; sourceTree = "<group>"; };
		E2838A6F1721506700BA4F00 /* Image.h */ = {isa = PBXFileReference; fileEncoding = 4; lastKnownFileType = sourcecode.c.h; path = Image.h; sourceTree = "<group>"; };
		E2838A701721506700BA4F00 /* ImageScanner.h */ = {isa = PBXFileReference; fileEncoding = 4; lastKnownFileType = sourcecode.c.h; path = ImageScanner.h; sourceTree = "<group>"; };
		E2838A711721506700BA4F00 /* Processor.h */ = {isa = PBXFileReference; fileEncoding = 4; lastKnownFileType = sourcecode.c.h; path = Processor.h; sourceTree = "<group>"; };
		E2838A721721506700BA4F00 /* Scanner.h */ = {isa = PBXFileReference; fileEncoding = 4; lastKnownFileType = sourcecode.c.h; path = Scanner.h; sourceTree = "<group>"; };
		E2838A731721506700BA4F00 /* Symbol.h */ = {isa = PBXFileReference; fileEncoding = 4; lastKnownFileType = sourcecode.c.h; path = Symbol.h; sourceTree = "<group>"; };
		E2838A741721506700BA4F00 /* Video.h */ = {isa = PBXFileReference; fileEncoding = 4; lastKnownFileType = sourcecode.c.h; path = Video.h; sourceTree = "<group>"; };
		E2838A751721506700BA4F00 /* Window.h */ = {isa = PBXFileReference; fileEncoding = 4; lastKnownFileType = sourcecode.c.h; path = Window.h; sourceTree = "<group>"; };
		E2838A761721506700BA4F00 /* zbar.h */ = {isa = PBXFileReference; fileEncoding = 4; lastKnownFileType = sourcecode.c.h; path = zbar.h; sourceTree = "<group>"; };
		E2838A771721506700BA4F00 /* ZBarCameraSimulator.h */ = {isa = PBXFileReference; fileEncoding = 4; lastKnownFileType = sourcecode.c.h; path = ZBarCameraSimulator.h; sourceTree = "<group>"; };
		E2838A781721506700BA4F00 /* ZBarCaptureReader.h */ = {isa = PBXFileReference; fileEncoding = 4; lastKnownFileType = sourcecode.c.h; path = ZBarCaptureReader.h; sourceTree = "<group>"; };
		E2838A791721506700BA4F00 /* ZBarHelpController.h */ = {isa = PBXFileReference; fileEncoding = 4; lastKnownFileType = sourcecode.c.h; path = ZBarHelpController.h; sourceTree = "<group>"; };
		E2838A7A1721506700BA4F00 /* ZBarImage.h */ = {isa = PBXFileReference; fileEncoding = 4; lastKnownFileType = sourcecode.c.h; path = ZBarImage.h; sourceTree = "<group>"; };
		E2838A7B1721506700BA4F00 /* ZBarImageScanner.h */ = {isa = PBXFileReference; fileEncoding = 4; lastKnownFileType = sourcecode.c.h; path = ZBarImageScanner.h; sourceTree = "<group>"; };
		E2838A7C1721506700BA4F00 /* ZBarReaderController.h */ = {isa = PBXFileReference; fileEncoding = 4; lastKnownFileType = sourcecode.c.h; path = ZBarReaderController.h; sourceTree = "<group>"; };
		E2838A7D1721506700BA4F00 /* ZBarReaderView.h */ = {isa = PBXFileReference; fileEncoding = 4; lastKnownFileType = sourcecode.c.h; path = ZBarReaderView.h; sourceTree = "<group>"; };
		E2838A7E1721506700BA4F00 /* ZBarReaderViewController.h */ = {isa = PBXFileReference; fileEncoding = 4; lastKnownFileType = sourcecode.c.h; path = ZBarReaderViewController.h; sourceTree = "<group>"; };
		E2838A7F1721506700BA4F00 /* ZBarSDK.h */ = {isa = PBXFileReference; fileEncoding = 4; lastKnownFileType = sourcecode.c.h; path = ZBarSDK.h; sourceTree = "<group>"; };
		E2838A801721506700BA4F00 /* ZBarSymbol.h */ = {isa = PBXFileReference; fileEncoding = 4; lastKnownFileType = sourcecode.c.h; path = ZBarSymbol.h; sourceTree = "<group>"; };
		E2838A811721506700BA4F00 /* libzbar.a */ = {isa = PBXFileReference; lastKnownFileType = archive.ar; path = libzbar.a; sourceTree = "<group>"; };
		E2838A831721506700BA4F00 /* zbar-back.png */ = {isa = PBXFileReference; lastKnownFileType = image.png; path = "zbar-back.png"; sourceTree = "<group>"; };
		E2838A841721506700BA4F00 /* zbar-help.html */ = {isa = PBXFileReference; fileEncoding = 4; lastKnownFileType = text.html; path = "zbar-help.html"; sourceTree = "<group>"; };
		E2838A851721506700BA4F00 /* zbar-helpicons.png */ = {isa = PBXFileReference; lastKnownFileType = image.png; path = "zbar-helpicons.png"; sourceTree = "<group>"; };
		E2838A861721506700BA4F00 /* zbar-samples.png */ = {isa = PBXFileReference; lastKnownFileType = image.png; path = "zbar-samples.png"; sourceTree = "<group>"; };
		E2838A8C1721510B00BA4F00 /* MainStoryboard.storyboard */ = {isa = PBXFileReference; fileEncoding = 4; lastKnownFileType = file.storyboard; path = MainStoryboard.storyboard; sourceTree = "<group>"; };
		E2838A8E1721511300BA4F00 /* MDViewController.h */ = {isa = PBXFileReference; lastKnownFileType = sourcecode.c.h; path = MDViewController.h; sourceTree = "<group>"; };
		E2838A8F1721511300BA4F00 /* MDViewController.m */ = {isa = PBXFileReference; lastKnownFileType = sourcecode.c.objc; path = MDViewController.m; sourceTree = "<group>"; };
		E2838A901721516D00BA4F00 /* AVFoundation.framework */ = {isa = PBXFileReference; lastKnownFileType = wrapper.framework; name = AVFoundation.framework; path = System/Library/Frameworks/AVFoundation.framework; sourceTree = SDKROOT; };
		E2838A911721516D00BA4F00 /* CoreMedia.framework */ = {isa = PBXFileReference; lastKnownFileType = wrapper.framework; name = CoreMedia.framework; path = System/Library/Frameworks/CoreMedia.framework; sourceTree = SDKROOT; };
		E2838A921721516D00BA4F00 /* CoreVideo.framework */ = {isa = PBXFileReference; lastKnownFileType = wrapper.framework; name = CoreVideo.framework; path = System/Library/Frameworks/CoreVideo.framework; sourceTree = SDKROOT; };
		E2838A931721516D00BA4F00 /* libiconv.dylib */ = {isa = PBXFileReference; lastKnownFileType = "compiled.mach-o.dylib"; name = libiconv.dylib; path = usr/lib/libiconv.dylib; sourceTree = SDKROOT; };
		E2838A941721516D00BA4F00 /* QuartzCore.framework */ = {isa = PBXFileReference; lastKnownFileType = wrapper.framework; name = QuartzCore.framework; path = System/Library/Frameworks/QuartzCore.framework; sourceTree = SDKROOT; };
		E2838A9E1721537F00BA4F00 /* NSObject+SBJson.h */ = {isa = PBXFileReference; lastKnownFileType = sourcecode.c.h; path = "NSObject+SBJson.h"; sourceTree = "<group>"; };
		E2838A9F1721537F00BA4F00 /* NSObject+SBJson.m */ = {isa = PBXFileReference; lastKnownFileType = sourcecode.c.objc; path = "NSObject+SBJson.m"; sourceTree = "<group>"; };
		E2838AA01721537F00BA4F00 /* SBJson.h */ = {isa = PBXFileReference; lastKnownFileType = sourcecode.c.h; path = SBJson.h; sourceTree = "<group>"; };
		E2838AA11721537F00BA4F00 /* SBJsonParser.h */ = {isa = PBXFileReference; lastKnownFileType = sourcecode.c.h; path = SBJsonParser.h; sourceTree = "<group>"; };
		E2838AA21721537F00BA4F00 /* SBJsonParser.m */ = {isa = PBXFileReference; lastKnownFileType = sourcecode.c.objc; path = SBJsonParser.m; sourceTree = "<group>"; };
		E2838AA31721537F00BA4F00 /* SBJsonStreamParser.h */ = {isa = PBXFileReference; lastKnownFileType = sourcecode.c.h; path = SBJsonStreamParser.h; sourceTree = "<group>"; };
		E2838AA41721537F00BA4F00 /* SBJsonStreamParser.m */ = {isa = PBXFileReference; lastKnownFileType = sourcecode.c.objc; path = SBJsonStreamParser.m; sourceTree = "<group>"; };
		E2838AA51721537F00BA4F00 /* SBJsonStreamParserAccumulator.h */ = {isa = PBXFileReference; lastKnownFileType = sourcecode.c.h; path = SBJsonStreamParserAccumulator.h; sourceTree = "<group>"; };
		E2838AA61721537F00BA4F00 /* SBJsonStreamParserAccumulator.m */ = {isa = PBXFileReference; lastKnownFileType = sourcecode.c.objc; path = SBJsonStreamParserAccumulator.m; sourceTree = "<group>"; };
		E2838AA71721537F00BA4F00 /* SBJsonStreamParserAdapter.h */ = {isa = PBXFileReference; lastKnownFileType = sourcecode.c.h; path = SBJsonStreamParserAdapter.h; sourceTree = "<group>"; };
		E2838AA81721537F00BA4F00 /* SBJsonStreamParserAdapter.m */ = {isa = PBXFileReference; lastKnownFileType = sourcecode.c.objc; path = SBJsonStreamParserAdapter.m; sourceTree = "<group>"; };
		E2838AA91721537F00BA4F00 /* SBJsonStreamParserState.h */ = {isa = PBXFileReference; lastKnownFileType = sourcecode.c.h; path = SBJsonStreamParserState.h; sourceTree = "<group>"; };
		E2838AAA1721537F00BA4F00 /* SBJsonStreamParserState.m */ = {isa = PBXFileReference; lastKnownFileType = sourcecode.c.objc; path = SBJsonStreamParserState.m; sourceTree = "<group>"; };
		E2838AAB1721537F00BA4F00 /* SBJsonStreamWriter.h */ = {isa = PBXFileReference; lastKnownFileType = sourcecode.c.h; path = SBJsonStreamWriter.h; sourceTree = "<group>"; };
		E2838AAC1721537F00BA4F00 /* SBJsonStreamWriter.m */ = {isa = PBXFileReference; lastKnownFileType = sourcecode.c.objc; path = SBJsonStreamWriter.m; sourceTree = "<group>"; };
		E2838AAD1721537F00BA4F00 /* SBJsonStreamWriterAccumulator.h */ = {isa = PBXFileReference; lastKnownFileType = sourcecode.c.h; path = SBJsonStreamWriterAccumulator.h; sourceTree = "<group>"; };
		E2838AAE1721537F00BA4F00 /* SBJsonStreamWriterAccumulator.m */ = {isa = PBXFileReference; lastKnownFileType = sourcecode.c.objc; path = SBJsonStreamWriterAccumulator.m; sourceTree = "<group>"; };
		E2838AAF1721537F00BA4F00 /* SBJsonStreamWriterState.h */ = {isa = PBXFileReference; lastKnownFileType = sourcecode.c.h; path = SBJsonStreamWriterState.h; sourceTree = "<group>"; };
		E2838AB01721537F00BA4F00 /* SBJsonStreamWriterState.m */ = {isa = PBXFileReference; lastKnownFileType = sourcecode.c.objc; path = SBJsonStreamWriterState.m; sourceTree = "<group>"; };
		E2838AB11721537F00BA4F00 /* SBJsonTokeniser.h */ = {isa = PBXFileReference; lastKnownFileType = sourcecode.c.h; path = SBJsonTokeniser.h; sourceTree = "<group>"; };
		E2838AB21721537F00BA4F00 /* SBJsonTokeniser.m */ = {isa = PBXFileReference; lastKnownFileType = sourcecode.c.objc; path = SBJsonTokeniser.m; sourceTree = "<group>"; };
		E2838AB31721537F00BA4F00 /* SBJsonUTF8Stream.h */ = {isa = PBXFileReference; lastKnownFileType = sourcecode.c.h; path = SBJsonUTF8Stream.h; sourceTree = "<group>"; };
		E2838AB41721537F00BA4F00 /* SBJsonUTF8Stream.m */ = {isa = PBXFileReference; lastKnownFileType = sourcecode.c.objc; path = SBJsonUTF8Stream.m; sourceTree = "<group>"; };
		E2838AB51721537F00BA4F00 /* SBJsonWriter.h */ = {isa = PBXFileReference; lastKnownFileType = sourcecode.c.h; path = SBJsonWriter.h; sourceTree = "<group>"; };
		E2838AB61721537F00BA4F00 /* SBJsonWriter.m */ = {isa = PBXFileReference; lastKnownFileType = sourcecode.c.objc; path = SBJsonWriter.m; sourceTree = "<group>"; };
		E2838AB8172153EA00BA4F00 /* base64.m */ = {isa = PBXFileReference; fileEncoding = 4; lastKnownFileType = sourcecode.c.objc; path = base64.m; sourceTree = "<group>"; };
		E2838AB9172153EA00BA4F00 /* base64.h */ = {isa = PBXFileReference; fileEncoding = 4; lastKnownFileType = sourcecode.c.h; path = base64.h; sourceTree = "<group>"; };
		E2838ABA172153EA00BA4F00 /* NSData+SRB64Additions.h */ = {isa = PBXFileReference; fileEncoding = 4; lastKnownFileType = sourcecode.c.h; path = "NSData+SRB64Additions.h"; sourceTree = "<group>"; };
		E2838ABB172153EA00BA4F00 /* NSData+SRB64Additions.m */ = {isa = PBXFileReference; fileEncoding = 4; lastKnownFileType = sourcecode.c.objc; path = "NSData+SRB64Additions.m"; sourceTree = "<group>"; };
		E2838ABC172153EA00BA4F00 /* SocketRocket-Prefix.pch */ = {isa = PBXFileReference; fileEncoding = 4; lastKnownFileType = sourcecode.c.h; path = "SocketRocket-Prefix.pch"; sourceTree = "<group>"; };
		E2838ABD172153EA00BA4F00 /* SRWebSocket.h */ = {isa = PBXFileReference; fileEncoding = 4; lastKnownFileType = sourcecode.c.h; path = SRWebSocket.h; sourceTree = "<group>"; };
		E2838ABE172153EA00BA4F00 /* SRWebSocket.m */ = {isa = PBXFileReference; fileEncoding = 4; lastKnownFileType = sourcecode.c.objc; path = SRWebSocket.m; sourceTree = "<group>"; };
		E2838AC21721540700BA4F00 /* libicucore.dylib */ = {isa = PBXFileReference; lastKnownFileType = "compiled.mach-o.dylib"; name = libicucore.dylib; path = usr/lib/libicucore.dylib; sourceTree = SDKROOT; };
		E2838AC41721540D00BA4F00 /* CFNetwork.framework */ = {isa = PBXFileReference; lastKnownFileType = wrapper.framework; name = CFNetwork.framework; path = System/Library/Frameworks/CFNetwork.framework; sourceTree = SDKROOT; };
		E2838AC61721541200BA4F00 /* Security.framework */ = {isa = PBXFileReference; lastKnownFileType = wrapper.framework; name = Security.framework; path = System/Library/Frameworks/Security.framework; sourceTree = SDKROOT; };
		E2838AC8172154B900BA4F00 /* Foundation.framework */ = {isa = PBXFileReference; lastKnownFileType = wrapper.framework; name = Foundation.framework; path = System/Library/Frameworks/Foundation.framework; sourceTree = SDKROOT; };
		E2838ACB17215B9300BA4F00 /* DDPClient.h */ = {isa = PBXFileReference; fileEncoding = 4; lastKnownFileType = sourcecode.c.h; path = DDPClient.h; sourceTree = "<group>"; };
		E2838ACC17215B9300BA4F00 /* DDPClient.m */ = {isa = PBXFileReference; fileEncoding = 4; lastKnownFileType = sourcecode.c.objc; path = DDPClient.m; sourceTree = "<group>"; };
		E2EFD1E41721E2EE00D0139F /* IIViewDeckController.h */ = {isa = PBXFileReference; fileEncoding = 4; lastKnownFileType = sourcecode.c.h; path = IIViewDeckController.h; sourceTree = "<group>"; };
		E2EFD1E51721E2EE00D0139F /* IIViewDeckController.m */ = {isa = PBXFileReference; fileEncoding = 4; lastKnownFileType = sourcecode.c.objc; path = IIViewDeckController.m; sourceTree = "<group>"; };
		E2EFD1EB1721E39C00D0139F /* IISideController.h */ = {isa = PBXFileReference; fileEncoding = 4; lastKnownFileType = sourcecode.c.h; path = IISideController.h; sourceTree = "<group>"; };
		E2EFD1EC1721E39C00D0139F /* IISideController.m */ = {isa = PBXFileReference; fileEncoding = 4; lastKnownFileType = sourcecode.c.objc; path = IISideController.m; sourceTree = "<group>"; };
		E2EFD1ED1721E39C00D0139F /* IIWrapController.h */ = {isa = PBXFileReference; fileEncoding = 4; lastKnownFileType = sourcecode.c.h; path = IIWrapController.h; sourceTree = "<group>"; };
		E2EFD1EE1721E39C00D0139F /* IIWrapController.m */ = {isa = PBXFileReference; fileEncoding = 4; lastKnownFileType = sourcecode.c.objc; path = IIWrapController.m; sourceTree = "<group>"; };
		E2EFD1F11721E52500D0139F /* MDLeftMenuViewController.h */ = {isa = PBXFileReference; fileEncoding = 4; lastKnownFileType = sourcecode.c.h; name = MDLeftMenuViewController.h; path = "View Controllers/MDLeftMenuViewController.h"; sourceTree = "<group>"; };
		E2EFD1F21721E52500D0139F /* MDLeftMenuViewController.m */ = {isa = PBXFileReference; fileEncoding = 4; lastKnownFileType = sourcecode.c.objc; name = MDLeftMenuViewController.m; path = "View Controllers/MDLeftMenuViewController.m"; sourceTree = "<group>"; };
/* End PBXFileReference section */

/* Begin PBXFrameworksBuildPhase section */
		E24AAC4717207F79005A712C /* Frameworks */ = {
			isa = PBXFrameworksBuildPhase;
			buildActionMask = 2147483647;
			files = (
				E2838AC9172154B900BA4F00 /* Foundation.framework in Frameworks */,
				E2838AC71721541200BA4F00 /* Security.framework in Frameworks */,
				E2838AC51721540D00BA4F00 /* CFNetwork.framework in Frameworks */,
				E2838AC31721540700BA4F00 /* libicucore.dylib in Frameworks */,
				E2838A951721516D00BA4F00 /* AVFoundation.framework in Frameworks */,
				E2838A961721516D00BA4F00 /* CoreMedia.framework in Frameworks */,
				E2838A971721516D00BA4F00 /* CoreVideo.framework in Frameworks */,
				E2838A981721516D00BA4F00 /* libiconv.dylib in Frameworks */,
				E2838A991721516D00BA4F00 /* QuartzCore.framework in Frameworks */,
				E24AAC4E17207F79005A712C /* UIKit.framework in Frameworks */,
				E24AAC5217207F79005A712C /* CoreGraphics.framework in Frameworks */,
				E2838A871721506700BA4F00 /* libzbar.a in Frameworks */,
			);
			runOnlyForDeploymentPostprocessing = 0;
		};
/* End PBXFrameworksBuildPhase section */

/* Begin PBXGroup section */
		E24AAC4117207F79005A712C = {
			isa = PBXGroup;
			children = (
				E2838A9C1721533600BA4F00 /* 3rd Party Libraries */,
				E24AAC5317207F79005A712C /* shopapp */,
				E24AAC4C17207F79005A712C /* Frameworks */,
				E24AAC4B17207F79005A712C /* Products */,
			);
			sourceTree = "<group>";
		};
		E24AAC4B17207F79005A712C /* Products */ = {
			isa = PBXGroup;
			children = (
				E24AAC4A17207F79005A712C /* shopapp.app */,
			);
			name = Products;
			sourceTree = "<group>";
		};
		E24AAC4C17207F79005A712C /* Frameworks */ = {
			isa = PBXGroup;
			children = (
				E2838AC8172154B900BA4F00 /* Foundation.framework */,
				E2838AC61721541200BA4F00 /* Security.framework */,
				E2838AC41721540D00BA4F00 /* CFNetwork.framework */,
				E2838AC21721540700BA4F00 /* libicucore.dylib */,
				E2838A901721516D00BA4F00 /* AVFoundation.framework */,
				E2838A911721516D00BA4F00 /* CoreMedia.framework */,
				E2838A921721516D00BA4F00 /* CoreVideo.framework */,
				E2838A931721516D00BA4F00 /* libiconv.dylib */,
				E2838A941721516D00BA4F00 /* QuartzCore.framework */,
				E24AAC4D17207F79005A712C /* UIKit.framework */,
				E24AAC5117207F79005A712C /* CoreGraphics.framework */,
			);
			name = Frameworks;
			sourceTree = "<group>";
		};
		E24AAC5317207F79005A712C /* shopapp */ = {
			isa = PBXGroup;
			children = (
				E24AAC5C17207F79005A712C /* MDAppDelegate.h */,
				E24AAC5D17207F79005A712C /* MDAppDelegate.m */,
				E2838A8C1721510B00BA4F00 /* MainStoryboard.storyboard */,
				E2838A8E1721511300BA4F00 /* MDViewController.h */,
				E2838A8F1721511300BA4F00 /* MDViewController.m */,
				E24AAC5417207F79005A712C /* Supporting Files */,
				E2EFD1F41721E52A00D0139F /* View Controllers */,
			);
			path = shopapp;
			sourceTree = "<group>";
		};
		E24AAC5417207F79005A712C /* Supporting Files */ = {
			isa = PBXGroup;
			children = (
				E24AAC5517207F79005A712C /* shopapp-Info.plist */,
				E24AAC5617207F79005A712C /* InfoPlist.strings */,
				E24AAC5917207F79005A712C /* main.m */,
				E24AAC5B17207F79005A712C /* shopapp-Prefix.pch */,
				E24AAC5F17207F79005A712C /* Default.png */,
				E24AAC6117207F79005A712C /* Default@2x.png */,
				E24AAC6317207F79005A712C /* Default-568h@2x.png */,
			);
			name = "Supporting Files";
			sourceTree = "<group>";
		};
		E2838A691721506700BA4F00 /* ZBarSDK */ = {
			isa = PBXGroup;
			children = (
				E2838A6A1721506700BA4F00 /* Headers */,
				E2838A811721506700BA4F00 /* libzbar.a */,
				E2838A821721506700BA4F00 /* Resources */,
			);
			path = ZBarSDK;
			sourceTree = "<group>";
		};
		E2838A6A1721506700BA4F00 /* Headers */ = {
			isa = PBXGroup;
			children = (
				E2838A6B1721506700BA4F00 /* ZBarSDK */,
			);
			path = Headers;
			sourceTree = "<group>";
		};
		E2838A6B1721506700BA4F00 /* ZBarSDK */ = {
			isa = PBXGroup;
			children = (
				E2838A6C1721506700BA4F00 /* zbar */,
				E2838A761721506700BA4F00 /* zbar.h */,
				E2838A771721506700BA4F00 /* ZBarCameraSimulator.h */,
				E2838A781721506700BA4F00 /* ZBarCaptureReader.h */,
				E2838A791721506700BA4F00 /* ZBarHelpController.h */,
				E2838A7A1721506700BA4F00 /* ZBarImage.h */,
				E2838A7B1721506700BA4F00 /* ZBarImageScanner.h */,
				E2838A7C1721506700BA4F00 /* ZBarReaderController.h */,
				E2838A7D1721506700BA4F00 /* ZBarReaderView.h */,
				E2838A7E1721506700BA4F00 /* ZBarReaderViewController.h */,
				E2838A7F1721506700BA4F00 /* ZBarSDK.h */,
				E2838A801721506700BA4F00 /* ZBarSymbol.h */,
			);
			path = ZBarSDK;
			sourceTree = "<group>";
		};
		E2838A6C1721506700BA4F00 /* zbar */ = {
			isa = PBXGroup;
			children = (
				E2838A6D1721506700BA4F00 /* Decoder.h */,
				E2838A6E1721506700BA4F00 /* Exception.h */,
				E2838A6F1721506700BA4F00 /* Image.h */,
				E2838A701721506700BA4F00 /* ImageScanner.h */,
				E2838A711721506700BA4F00 /* Processor.h */,
				E2838A721721506700BA4F00 /* Scanner.h */,
				E2838A731721506700BA4F00 /* Symbol.h */,
				E2838A741721506700BA4F00 /* Video.h */,
				E2838A751721506700BA4F00 /* Window.h */,
			);
			path = zbar;
			sourceTree = "<group>";
		};
		E2838A821721506700BA4F00 /* Resources */ = {
			isa = PBXGroup;
			children = (
				E2838A831721506700BA4F00 /* zbar-back.png */,
				E2838A841721506700BA4F00 /* zbar-help.html */,
				E2838A851721506700BA4F00 /* zbar-helpicons.png */,
				E2838A861721506700BA4F00 /* zbar-samples.png */,
			);
			path = Resources;
			sourceTree = "<group>";
		};
		E2838A9C1721533600BA4F00 /* 3rd Party Libraries */ = {
			isa = PBXGroup;
			children = (
				E2838ACA17215B9300BA4F00 /* DDPClient */,
				E2EFD1E11721E2EE00D0139F /* ViewDeck */,
				E2838AB7172153EA00BA4F00 /* SocketRocket */,
				E2838A9D1721536E00BA4F00 /* SBJson */,
				E2838A691721506700BA4F00 /* ZBarSDK */,
			);
			name = "3rd Party Libraries";
			path = shopapp;
			sourceTree = "<group>";
		};
		E2838A9D1721536E00BA4F00 /* SBJson */ = {
			isa = PBXGroup;
			children = (
				E2838A9E1721537F00BA4F00 /* NSObject+SBJson.h */,
				E2838A9F1721537F00BA4F00 /* NSObject+SBJson.m */,
				E2838AA01721537F00BA4F00 /* SBJson.h */,
				E2838AA11721537F00BA4F00 /* SBJsonParser.h */,
				E2838AA21721537F00BA4F00 /* SBJsonParser.m */,
				E2838AA31721537F00BA4F00 /* SBJsonStreamParser.h */,
				E2838AA41721537F00BA4F00 /* SBJsonStreamParser.m */,
				E2838AA51721537F00BA4F00 /* SBJsonStreamParserAccumulator.h */,
				E2838AA61721537F00BA4F00 /* SBJsonStreamParserAccumulator.m */,
				E2838AA71721537F00BA4F00 /* SBJsonStreamParserAdapter.h */,
				E2838AA81721537F00BA4F00 /* SBJsonStreamParserAdapter.m */,
				E2838AA91721537F00BA4F00 /* SBJsonStreamParserState.h */,
				E2838AAA1721537F00BA4F00 /* SBJsonStreamParserState.m */,
				E2838AAB1721537F00BA4F00 /* SBJsonStreamWriter.h */,
				E2838AAC1721537F00BA4F00 /* SBJsonStreamWriter.m */,
				E2838AAD1721537F00BA4F00 /* SBJsonStreamWriterAccumulator.h */,
				E2838AAE1721537F00BA4F00 /* SBJsonStreamWriterAccumulator.m */,
				E2838AAF1721537F00BA4F00 /* SBJsonStreamWriterState.h */,
				E2838AB01721537F00BA4F00 /* SBJsonStreamWriterState.m */,
				E2838AB11721537F00BA4F00 /* SBJsonTokeniser.h */,
				E2838AB21721537F00BA4F00 /* SBJsonTokeniser.m */,
				E2838AB31721537F00BA4F00 /* SBJsonUTF8Stream.h */,
				E2838AB41721537F00BA4F00 /* SBJsonUTF8Stream.m */,
				E2838AB51721537F00BA4F00 /* SBJsonWriter.h */,
				E2838AB61721537F00BA4F00 /* SBJsonWriter.m */,
			);
			name = SBJson;
			sourceTree = "<group>";
		};
		E2838AB7172153EA00BA4F00 /* SocketRocket */ = {
			isa = PBXGroup;
			children = (
				E2838AB8172153EA00BA4F00 /* base64.m */,
				E2838AB9172153EA00BA4F00 /* base64.h */,
				E2838ABA172153EA00BA4F00 /* NSData+SRB64Additions.h */,
				E2838ABB172153EA00BA4F00 /* NSData+SRB64Additions.m */,
				E2838ABC172153EA00BA4F00 /* SocketRocket-Prefix.pch */,
				E2838ABD172153EA00BA4F00 /* SRWebSocket.h */,
				E2838ABE172153EA00BA4F00 /* SRWebSocket.m */,
			);
			path = SocketRocket;
			sourceTree = "<group>";
		};
		E2838ACA17215B9300BA4F00 /* DDPClient */ = {
			isa = PBXGroup;
			children = (
				E2838ACB17215B9300BA4F00 /* DDPClient.h */,
				E2838ACC17215B9300BA4F00 /* DDPClient.m */,
			);
			path = DDPClient;
			sourceTree = "<group>";
		};
		E2EFD1E11721E2EE00D0139F /* ViewDeck */ = {
			isa = PBXGroup;
			children = (
				E2EFD1E41721E2EE00D0139F /* IIViewDeckController.h */,
				E2EFD1EB1721E39C00D0139F /* IISideController.h */,
				E2EFD1EC1721E39C00D0139F /* IISideController.m */,
				E2EFD1ED1721E39C00D0139F /* IIWrapController.h */,
				E2EFD1EE1721E39C00D0139F /* IIWrapController.m */,
				E2EFD1E51721E2EE00D0139F /* IIViewDeckController.m */,
			);
			path = ViewDeck;
			sourceTree = "<group>";
		};
		E2EFD1F41721E52A00D0139F /* View Controllers */ = {
			isa = PBXGroup;
			children = (
				E2EFD1F11721E52500D0139F /* MDLeftMenuViewController.h */,
				E2EFD1F21721E52500D0139F /* MDLeftMenuViewController.m */,
			);
			name = "View Controllers";
			sourceTree = "<group>";
		};
/* End PBXGroup section */

/* Begin PBXNativeTarget section */
		E24AAC4917207F79005A712C /* shopapp */ = {
			isa = PBXNativeTarget;
			buildConfigurationList = E24AAC6717207F79005A712C /* Build configuration list for PBXNativeTarget "shopapp" */;
			buildPhases = (
				E24AAC4617207F79005A712C /* Sources */,
				E24AAC4717207F79005A712C /* Frameworks */,
				E24AAC4817207F79005A712C /* Resources */,
			);
			buildRules = (
			);
			dependencies = (
			);
			name = shopapp;
			productName = shopapp;
			productReference = E24AAC4A17207F79005A712C /* shopapp.app */;
			productType = "com.apple.product-type.application";
		};
/* End PBXNativeTarget section */

/* Begin PBXProject section */
		E24AAC4217207F79005A712C /* Project object */ = {
			isa = PBXProject;
			attributes = {
				CLASSPREFIX = MD;
				LastUpgradeCheck = 0460;
				ORGANIZATIONNAME = "SIA MONTA DIGITAL";
			};
			buildConfigurationList = E24AAC4517207F79005A712C /* Build configuration list for PBXProject "shopapp" */;
			compatibilityVersion = "Xcode 3.2";
			developmentRegion = English;
			hasScannedForEncodings = 0;
			knownRegions = (
				en,
			);
			mainGroup = E24AAC4117207F79005A712C;
			productRefGroup = E24AAC4B17207F79005A712C /* Products */;
			projectDirPath = "";
			projectRoot = "";
			targets = (
				E24AAC4917207F79005A712C /* shopapp */,
			);
		};
/* End PBXProject section */

/* Begin PBXResourcesBuildPhase section */
		E24AAC4817207F79005A712C /* Resources */ = {
			isa = PBXResourcesBuildPhase;
			buildActionMask = 2147483647;
			files = (
				E24AAC5817207F79005A712C /* InfoPlist.strings in Resources */,
				E24AAC6017207F79005A712C /* Default.png in Resources */,
				E24AAC6217207F79005A712C /* Default@2x.png in Resources */,
				E24AAC6417207F79005A712C /* Default-568h@2x.png in Resources */,
				E2838A881721506700BA4F00 /* zbar-back.png in Resources */,
				E2838A891721506700BA4F00 /* zbar-help.html in Resources */,
				E2838A8A1721506700BA4F00 /* zbar-helpicons.png in Resources */,
				E2838A8B1721506700BA4F00 /* zbar-samples.png in Resources */,
				E2838A8D1721510B00BA4F00 /* MainStoryboard.storyboard in Resources */,
			);
			runOnlyForDeploymentPostprocessing = 0;
		};
/* End PBXResourcesBuildPhase section */

/* Begin PBXSourcesBuildPhase section */
		E24AAC4617207F79005A712C /* Sources */ = {
			isa = PBXSourcesBuildPhase;
			buildActionMask = 2147483647;
			files = (
				E2838ACE17215F7500BA4F00 /* NSObject+SBJson.m in Sources */,
				E2838ACF17215F7500BA4F00 /* SBJsonParser.m in Sources */,
				E2838AD017215F7500BA4F00 /* SBJsonStreamParser.m in Sources */,
				E2838AD117215F7500BA4F00 /* SBJsonStreamParserAccumulator.m in Sources */,
				E2838AD217215F7500BA4F00 /* SBJsonStreamParserAdapter.m in Sources */,
				E2838AD317215F7500BA4F00 /* SBJsonStreamParserState.m in Sources */,
				E2838AD417215F7500BA4F00 /* SBJsonStreamWriter.m in Sources */,
				E2838AD517215F7500BA4F00 /* SBJsonStreamWriterAccumulator.m in Sources */,
				E2838AD617215F7500BA4F00 /* SBJsonStreamWriterState.m in Sources */,
				E2838AD717215F7500BA4F00 /* SBJsonTokeniser.m in Sources */,
				E2838AD817215F7500BA4F00 /* SBJsonUTF8Stream.m in Sources */,
				E2838AD917215F7500BA4F00 /* SBJsonWriter.m in Sources */,
				E2838A9A172152C500BA4F00 /* MDViewController.h in Sources */,
				E2838A9B172152C500BA4F00 /* MDViewController.m in Sources */,
				E24AAC5A17207F79005A712C /* main.m in Sources */,
				E24AAC5E17207F79005A712C /* MDAppDelegate.m in Sources */,
				E2838ABF172153EA00BA4F00 /* base64.m in Sources */,
				E2838AC0172153EA00BA4F00 /* NSData+SRB64Additions.m in Sources */,
				E2838AC1172153EA00BA4F00 /* SRWebSocket.m in Sources */,
				E2838ACD17215B9300BA4F00 /* DDPClient.m in Sources */,
				E2EFD1E91721E2EE00D0139F /* IIViewDeckController.m in Sources */,
				E2EFD1EF1721E39C00D0139F /* IISideController.m in Sources */,
				E2EFD1F01721E39C00D0139F /* IIWrapController.m in Sources */,
				E2EFD1F31721E52500D0139F /* MDLeftMenuViewController.m in Sources */,
			);
			runOnlyForDeploymentPostprocessing = 0;
		};
/* End PBXSourcesBuildPhase section */

/* Begin PBXVariantGroup section */
		E24AAC5617207F79005A712C /* InfoPlist.strings */ = {
			isa = PBXVariantGroup;
			children = (
				E24AAC5717207F79005A712C /* en */,
			);
			name = InfoPlist.strings;
			sourceTree = "<group>";
		};
/* End PBXVariantGroup section */

/* Begin XCBuildConfiguration section */
		E24AAC6517207F79005A712C /* Debug */ = {
			isa = XCBuildConfiguration;
			buildSettings = {
				ALWAYS_SEARCH_USER_PATHS = NO;
				CLANG_CXX_LANGUAGE_STANDARD = "gnu++0x";
				CLANG_CXX_LIBRARY = "libc++";
				CLANG_ENABLE_OBJC_ARC = YES;
				CLANG_WARN_CONSTANT_CONVERSION = YES;
				CLANG_WARN_EMPTY_BODY = YES;
				CLANG_WARN_ENUM_CONVERSION = YES;
				CLANG_WARN_INT_CONVERSION = YES;
				CLANG_WARN__DUPLICATE_METHOD_MATCH = YES;
				CODE_SIGN_IDENTITY = "iPhone Developer: Andris Veinbergs (DQT397NW9C)";
				"CODE_SIGN_IDENTITY[sdk=iphoneos*]" = "iPhone Developer";
				COPY_PHASE_STRIP = NO;
				GCC_C_LANGUAGE_STANDARD = gnu99;
				GCC_DYNAMIC_NO_PIC = NO;
				GCC_OPTIMIZATION_LEVEL = 0;
				GCC_PREPROCESSOR_DEFINITIONS = (
					"DEBUG=1",
					"$(inherited)",
				);
				GCC_SYMBOLS_PRIVATE_EXTERN = NO;
				GCC_WARN_ABOUT_RETURN_TYPE = YES;
				GCC_WARN_UNINITIALIZED_AUTOS = YES;
				GCC_WARN_UNUSED_VARIABLE = YES;
				IPHONEOS_DEPLOYMENT_TARGET = 6.1;
				ONLY_ACTIVE_ARCH = NO;
				PROVISIONING_PROFILE = "7CA2D74D-B601-4ADC-A8D7-809B10B844DB";
				SDKROOT = iphoneos;
			};
			name = Debug;
		};
		E24AAC6617207F79005A712C /* Release */ = {
			isa = XCBuildConfiguration;
			buildSettings = {
				ALWAYS_SEARCH_USER_PATHS = NO;
				CLANG_CXX_LANGUAGE_STANDARD = "gnu++0x";
				CLANG_CXX_LIBRARY = "libc++";
				CLANG_ENABLE_OBJC_ARC = YES;
				CLANG_WARN_CONSTANT_CONVERSION = YES;
				CLANG_WARN_EMPTY_BODY = YES;
				CLANG_WARN_ENUM_CONVERSION = YES;
				CLANG_WARN_INT_CONVERSION = YES;
				CLANG_WARN__DUPLICATE_METHOD_MATCH = YES;
				CODE_SIGN_IDENTITY = "iPhone Developer: Andris Veinbergs (DQT397NW9C)";
				"CODE_SIGN_IDENTITY[sdk=iphoneos*]" = "iPhone Developer";
				COPY_PHASE_STRIP = YES;
				GCC_C_LANGUAGE_STANDARD = gnu99;
				GCC_WARN_ABOUT_RETURN_TYPE = YES;
				GCC_WARN_UNINITIALIZED_AUTOS = YES;
				GCC_WARN_UNUSED_VARIABLE = YES;
				IPHONEOS_DEPLOYMENT_TARGET = 6.1;
				OTHER_CFLAGS = "-DNS_BLOCK_ASSERTIONS=1";
				PROVISIONING_PROFILE = "7CA2D74D-B601-4ADC-A8D7-809B10B844DB";
				SDKROOT = iphoneos;
				VALIDATE_PRODUCT = YES;
			};
			name = Release;
		};
		E24AAC6817207F79005A712C /* Debug */ = {
			isa = XCBuildConfiguration;
			buildSettings = {
				GCC_PRECOMPILE_PREFIX_HEADER = YES;
				GCC_PREFIX_HEADER = "shopapp/shopapp-Prefix.pch";
				INFOPLIST_FILE = "shopapp/shopapp-Info.plist";
				LIBRARY_SEARCH_PATHS = (
					"$(inherited)",
					"\"$(SRCROOT)/shopapp/ZBarSDK\"",
				);
				PRODUCT_NAME = "$(TARGET_NAME)";
				VALID_ARCHS = armv7;
				WRAPPER_EXTENSION = app;
			};
			name = Debug;
		};
		E24AAC6917207F79005A712C /* Release */ = {
			isa = XCBuildConfiguration;
			buildSettings = {
				GCC_PRECOMPILE_PREFIX_HEADER = YES;
				GCC_PREFIX_HEADER = "shopapp/shopapp-Prefix.pch";
				INFOPLIST_FILE = "shopapp/shopapp-Info.plist";
				LIBRARY_SEARCH_PATHS = (
					"$(inherited)",
					"\"$(SRCROOT)/shopapp/ZBarSDK\"",
				);
				PRODUCT_NAME = "$(TARGET_NAME)";
				VALID_ARCHS = armv7;
				WRAPPER_EXTENSION = app;
			};
			name = Release;
		};
/* End XCBuildConfiguration section */

/* Begin XCConfigurationList section */
		E24AAC4517207F79005A712C /* Build configuration list for PBXProject "shopapp" */ = {
			isa = XCConfigurationList;
			buildConfigurations = (
				E24AAC6517207F79005A712C /* Debug */,
				E24AAC6617207F79005A712C /* Release */,
			);
			defaultConfigurationIsVisible = 0;
			defaultConfigurationName = Release;
		};
		E24AAC6717207F79005A712C /* Build configuration list for PBXNativeTarget "shopapp" */ = {
			isa = XCConfigurationList;
			buildConfigurations = (
				E24AAC6817207F79005A712C /* Debug */,
				E24AAC6917207F79005A712C /* Release */,
			);
			defaultConfigurationIsVisible = 0;
			defaultConfigurationName = Release;
		};
/* End XCConfigurationList section */
	};
	rootObject = E24AAC4217207F79005A712C /* Project object */;
}
